// !$*UTF8*$!
{
	archiveVersion = 1;
	classes = {
	};
	objectVersion = 50;
	objects = {

/* Begin PBXBuildFile section */
		260751F124DB4E1C005816DB /* ProgressBarView.swift in Sources */ = {isa = PBXBuildFile; fileRef = 260751F024DB4E1C005816DB /* ProgressBarView.swift */; };
		260751F324DB4E2F005816DB /* ProgressBarViewModel.swift in Sources */ = {isa = PBXBuildFile; fileRef = 260751F224DB4E2F005816DB /* ProgressBarViewModel.swift */; };
		260A412F24D9F327003553E7 /* GameButton.swift in Sources */ = {isa = PBXBuildFile; fileRef = 260A412E24D9F327003553E7 /* GameButton.swift */; };
		260A416024DB2CC9003553E7 /* Rubik-BoldItalic.ttf in Resources */ = {isa = PBXBuildFile; fileRef = 260A415624DB2CC8003553E7 /* Rubik-BoldItalic.ttf */; };
		260A416124DB2CC9003553E7 /* Rubik-Italic.ttf in Resources */ = {isa = PBXBuildFile; fileRef = 260A415724DB2CC8003553E7 /* Rubik-Italic.ttf */; };
		260A416224DB2CC9003553E7 /* Rubik-MediumItalic.ttf in Resources */ = {isa = PBXBuildFile; fileRef = 260A415824DB2CC8003553E7 /* Rubik-MediumItalic.ttf */; };
		260A416324DB2CC9003553E7 /* Rubik-Regular.ttf in Resources */ = {isa = PBXBuildFile; fileRef = 260A415924DB2CC8003553E7 /* Rubik-Regular.ttf */; };
		260A416424DB2CC9003553E7 /* Rubik-LightItalic.ttf in Resources */ = {isa = PBXBuildFile; fileRef = 260A415A24DB2CC8003553E7 /* Rubik-LightItalic.ttf */; };
		260A416524DB2CC9003553E7 /* Rubik-Medium.ttf in Resources */ = {isa = PBXBuildFile; fileRef = 260A415B24DB2CC8003553E7 /* Rubik-Medium.ttf */; };
		260A416624DB2CC9003553E7 /* Rubik-Bold.ttf in Resources */ = {isa = PBXBuildFile; fileRef = 260A415C24DB2CC8003553E7 /* Rubik-Bold.ttf */; };
		260A416724DB2CC9003553E7 /* Rubik-Light.ttf in Resources */ = {isa = PBXBuildFile; fileRef = 260A415D24DB2CC9003553E7 /* Rubik-Light.ttf */; };
		260A416824DB2CC9003553E7 /* Rubik-BlackItalic.ttf in Resources */ = {isa = PBXBuildFile; fileRef = 260A415E24DB2CC9003553E7 /* Rubik-BlackItalic.ttf */; };
		260A416924DB2CC9003553E7 /* Rubik-Black.ttf in Resources */ = {isa = PBXBuildFile; fileRef = 260A415F24DB2CC9003553E7 /* Rubik-Black.ttf */; };
		2620EA0A24C759F0001F1EE0 /* FormTriangle.swift in Sources */ = {isa = PBXBuildFile; fileRef = 2620EA0924C759F0001F1EE0 /* FormTriangle.swift */; };
		263D144D24EEE5DC00111A76 /* ShapeGameWrongAnswers.swift in Sources */ = {isa = PBXBuildFile; fileRef = 263D144C24EEE5DC00111A76 /* ShapeGameWrongAnswers.swift */; };
		263D144F24EEF0A800111A76 /* GameState.swift in Sources */ = {isa = PBXBuildFile; fileRef = 263D144E24EEF0A800111A76 /* GameState.swift */; };
		2656BF292500086100231678 /* NotificationManager.swift in Sources */ = {isa = PBXBuildFile; fileRef = 2656BF282500086100231678 /* NotificationManager.swift */; };
		26660AC324C7834E000A9845 /* RandomColor.swift in Sources */ = {isa = PBXBuildFile; fileRef = 26660AC224C7834E000A9845 /* RandomColor.swift */; };
		26763D2C24C8C7690056F2BC /* RandomForm.swift in Sources */ = {isa = PBXBuildFile; fileRef = 26763D2B24C8C7690056F2BC /* RandomForm.swift */; };
		2693CB3424BF8B9500D1DEC9 /* CKDataService.swift in Sources */ = {isa = PBXBuildFile; fileRef = 2693CB3324BF8B9500D1DEC9 /* CKDataService.swift */; };
		26940AE724C0E18F00F258B6 /* CKCloudDataProtocol.swift in Sources */ = {isa = PBXBuildFile; fileRef = 26940AE624C0E18F00F258B6 /* CKCloudDataProtocol.swift */; };
		26940AEB24C0E62000F258B6 /* CKCloudParseProtocol.swift in Sources */ = {isa = PBXBuildFile; fileRef = 26940AEA24C0E62000F258B6 /* CKCloudParseProtocol.swift */; };
		26946E8C24C75D07005A316E /* GenericPolygon.swift in Sources */ = {isa = PBXBuildFile; fileRef = 26946E8B24C75D07005A316E /* GenericPolygon.swift */; };
		26946E8E24C75EA2005A316E /* FormHexagon.swift in Sources */ = {isa = PBXBuildFile; fileRef = 26946E8D24C75EA2005A316E /* FormHexagon.swift */; };
		26946E9024C7621C005A316E /* FormHeptagon.swift in Sources */ = {isa = PBXBuildFile; fileRef = 26946E8F24C7621C005A316E /* FormHeptagon.swift */; };
		26946E9224C762A3005A316E /* FormDecagon.swift in Sources */ = {isa = PBXBuildFile; fileRef = 26946E9124C762A3005A316E /* FormDecagon.swift */; };
		26946E9424C76398005A316E /* FormPentagon.swift in Sources */ = {isa = PBXBuildFile; fileRef = 26946E9324C76398005A316E /* FormPentagon.swift */; };
		26946E9624C76424005A316E /* FormStar.swift in Sources */ = {isa = PBXBuildFile; fileRef = 26946E9524C76424005A316E /* FormStar.swift */; };
		26946E9824C76A6C005A316E /* RandomAngle.swift in Sources */ = {isa = PBXBuildFile; fileRef = 26946E9724C76A6C005A316E /* RandomAngle.swift */; };
		26C186C024BE4AA50094AEC1 /* AppDelegate.swift in Sources */ = {isa = PBXBuildFile; fileRef = 26C186BF24BE4AA50094AEC1 /* AppDelegate.swift */; };
		26C186C224BE4AA50094AEC1 /* SceneDelegate.swift in Sources */ = {isa = PBXBuildFile; fileRef = 26C186C124BE4AA50094AEC1 /* SceneDelegate.swift */; };
		26C186C524BE4AA50094AEC1 /* Chumigos.xcdatamodeld in Sources */ = {isa = PBXBuildFile; fileRef = 26C186C324BE4AA50094AEC1 /* Chumigos.xcdatamodeld */; };
		26C186C724BE4AA50094AEC1 /* ContentView.swift in Sources */ = {isa = PBXBuildFile; fileRef = 26C186C624BE4AA50094AEC1 /* ContentView.swift */; };
		26C186C924BE4AA70094AEC1 /* Assets.xcassets in Resources */ = {isa = PBXBuildFile; fileRef = 26C186C824BE4AA70094AEC1 /* Assets.xcassets */; };
		26C186CC24BE4AA70094AEC1 /* Preview Assets.xcassets in Resources */ = {isa = PBXBuildFile; fileRef = 26C186CB24BE4AA70094AEC1 /* Preview Assets.xcassets */; };
		26C186CF24BE4AA70094AEC1 /* LaunchScreen.storyboard in Resources */ = {isa = PBXBuildFile; fileRef = 26C186CD24BE4AA70094AEC1 /* LaunchScreen.storyboard */; };
		26C186DA24BE4AA70094AEC1 /* ChumigosTests.swift in Sources */ = {isa = PBXBuildFile; fileRef = 26C186D924BE4AA70094AEC1 /* ChumigosTests.swift */; };
		26C186E524BE4AA70094AEC1 /* ChumigosUITests.swift in Sources */ = {isa = PBXBuildFile; fileRef = 26C186E424BE4AA70094AEC1 /* ChumigosUITests.swift */; };
		26E0EA4C24F59FD50078566D /* EndGameViewModel.swift in Sources */ = {isa = PBXBuildFile; fileRef = 26E0EA4B24F59FD50078566D /* EndGameViewModel.swift */; };
		26E0EA4E24F59FF20078566D /* EndGameView.swift in Sources */ = {isa = PBXBuildFile; fileRef = 26E0EA4D24F59FF20078566D /* EndGameView.swift */; };
		26F434CD24FEDBCB00CE81F1 /* CoreDataPersistence.swift in Sources */ = {isa = PBXBuildFile; fileRef = 26F434CC24FEDBCB00CE81F1 /* CoreDataPersistence.swift */; };
		AA24C13124E5B57A006F8C5A /* SequenceGameModel.swift in Sources */ = {isa = PBXBuildFile; fileRef = AA24C13024E5B57A006F8C5A /* SequenceGameModel.swift */; };
		AA24C13324E5C06A006F8C5A /* Question.swift in Sources */ = {isa = PBXBuildFile; fileRef = AA24C13224E5C06A006F8C5A /* Question.swift */; };
		AA24C13524E5C9E1006F8C5A /* ShapeGameViewModel.swift in Sources */ = {isa = PBXBuildFile; fileRef = AA24C13424E5C9E1006F8C5A /* ShapeGameViewModel.swift */; };
		AA24C13924E5CB22006F8C5A /* ShapeGameView.swift in Sources */ = {isa = PBXBuildFile; fileRef = AA24C13824E5CB22006F8C5A /* ShapeGameView.swift */; };
		AA865AF024E57D960066BF2A /* AlternativeBackground.swift in Sources */ = {isa = PBXBuildFile; fileRef = AA865AEF24E57D960066BF2A /* AlternativeBackground.swift */; };
		AA865AF324E5AC010066BF2A /* ShapeGameModel.swift in Sources */ = {isa = PBXBuildFile; fileRef = AA865AF224E5AC010066BF2A /* ShapeGameModel.swift */; };
		AAA0613924E30819008CD91B /* SequenceGameView.swift in Sources */ = {isa = PBXBuildFile; fileRef = AAA0613824E30819008CD91B /* SequenceGameView.swift */; };
		AAA0613B24E31685008CD91B /* SequenceGameViewModel.swift in Sources */ = {isa = PBXBuildFile; fileRef = AAA0613A24E31685008CD91B /* SequenceGameViewModel.swift */; };
		AAA0613D24E49683008CD91B /* Draggable.swift in Sources */ = {isa = PBXBuildFile; fileRef = AAA0613C24E49683008CD91B /* Draggable.swift */; };
		AB855F1024F42FD000C5A739 /* GameObject.swift in Sources */ = {isa = PBXBuildFile; fileRef = AB855F0F24F42FD000C5A739 /* GameObject.swift */; };
		AB855F1224F430EE00C5A739 /* GameNames.swift in Sources */ = {isa = PBXBuildFile; fileRef = AB855F1124F430EE00C5A739 /* GameNames.swift */; };
		AB855F1524F4341400C5A739 /* User.swift in Sources */ = {isa = PBXBuildFile; fileRef = AB855F1424F4341400C5A739 /* User.swift */; };
		AB855F1724F4354800C5A739 /* TrailSection.swift in Sources */ = {isa = PBXBuildFile; fileRef = AB855F1624F4354800C5A739 /* TrailSection.swift */; };
		AB855F1924F439B200C5A739 /* TrailTile.swift in Sources */ = {isa = PBXBuildFile; fileRef = AB855F1824F439B200C5A739 /* TrailTile.swift */; };
		AB855F1B24F450A000C5A739 /* TrailView.swift in Sources */ = {isa = PBXBuildFile; fileRef = AB855F1A24F450A000C5A739 /* TrailView.swift */; };
		ABC7426024DB249600CC3B7E /* Tile.swift in Sources */ = {isa = PBXBuildFile; fileRef = ABC7425F24DB249600CC3B7E /* Tile.swift */; };
		ABC7426224DB29BE00CC3B7E /* QuestionTile.swift in Sources */ = {isa = PBXBuildFile; fileRef = ABC7426124DB29BE00CC3B7E /* QuestionTile.swift */; };
		ABCDB24324BF88EE00F9A9B8 /* CloudKit.framework in Frameworks */ = {isa = PBXBuildFile; fileRef = ABCDB24224BF88EE00F9A9B8 /* CloudKit.framework */; };
		E74D7F8A24BF7352000BF076 /* HomeScreenViewModel.swift in Sources */ = {isa = PBXBuildFile; fileRef = E74D7F8924BF7352000BF076 /* HomeScreenViewModel.swift */; };
		E7712CA524F42F4200B4191C /* GameFeedbackMessage.swift in Sources */ = {isa = PBXBuildFile; fileRef = E7712CA424F42F4200B4191C /* GameFeedbackMessage.swift */; };
		E78DA52D24BF7C17001A3079 /* Localizable.strings in Resources */ = {isa = PBXBuildFile; fileRef = E78DA52F24BF7C17001A3079 /* Localizable.strings */; };
/* End PBXBuildFile section */

/* Begin PBXContainerItemProxy section */
		26C186D624BE4AA70094AEC1 /* PBXContainerItemProxy */ = {
			isa = PBXContainerItemProxy;
			containerPortal = 26C186B424BE4AA50094AEC1 /* Project object */;
			proxyType = 1;
			remoteGlobalIDString = 26C186BB24BE4AA50094AEC1;
			remoteInfo = Chumigos;
		};
		26C186E124BE4AA70094AEC1 /* PBXContainerItemProxy */ = {
			isa = PBXContainerItemProxy;
			containerPortal = 26C186B424BE4AA50094AEC1 /* Project object */;
			proxyType = 1;
			remoteGlobalIDString = 26C186BB24BE4AA50094AEC1;
			remoteInfo = Chumigos;
		};
/* End PBXContainerItemProxy section */

/* Begin PBXFileReference section */
		260751F024DB4E1C005816DB /* ProgressBarView.swift */ = {isa = PBXFileReference; lastKnownFileType = sourcecode.swift; path = ProgressBarView.swift; sourceTree = "<group>"; };
		260751F224DB4E2F005816DB /* ProgressBarViewModel.swift */ = {isa = PBXFileReference; lastKnownFileType = sourcecode.swift; path = ProgressBarViewModel.swift; sourceTree = "<group>"; };
		260A412E24D9F327003553E7 /* GameButton.swift */ = {isa = PBXFileReference; lastKnownFileType = sourcecode.swift; path = GameButton.swift; sourceTree = "<group>"; };
		260A415624DB2CC8003553E7 /* Rubik-BoldItalic.ttf */ = {isa = PBXFileReference; lastKnownFileType = file; path = "Rubik-BoldItalic.ttf"; sourceTree = "<group>"; };
		260A415724DB2CC8003553E7 /* Rubik-Italic.ttf */ = {isa = PBXFileReference; lastKnownFileType = file; path = "Rubik-Italic.ttf"; sourceTree = "<group>"; };
		260A415824DB2CC8003553E7 /* Rubik-MediumItalic.ttf */ = {isa = PBXFileReference; lastKnownFileType = file; path = "Rubik-MediumItalic.ttf"; sourceTree = "<group>"; };
		260A415924DB2CC8003553E7 /* Rubik-Regular.ttf */ = {isa = PBXFileReference; lastKnownFileType = file; path = "Rubik-Regular.ttf"; sourceTree = "<group>"; };
		260A415A24DB2CC8003553E7 /* Rubik-LightItalic.ttf */ = {isa = PBXFileReference; lastKnownFileType = file; path = "Rubik-LightItalic.ttf"; sourceTree = "<group>"; };
		260A415B24DB2CC8003553E7 /* Rubik-Medium.ttf */ = {isa = PBXFileReference; lastKnownFileType = file; path = "Rubik-Medium.ttf"; sourceTree = "<group>"; };
		260A415C24DB2CC8003553E7 /* Rubik-Bold.ttf */ = {isa = PBXFileReference; lastKnownFileType = file; path = "Rubik-Bold.ttf"; sourceTree = "<group>"; };
		260A415D24DB2CC9003553E7 /* Rubik-Light.ttf */ = {isa = PBXFileReference; lastKnownFileType = file; path = "Rubik-Light.ttf"; sourceTree = "<group>"; };
		260A415E24DB2CC9003553E7 /* Rubik-BlackItalic.ttf */ = {isa = PBXFileReference; lastKnownFileType = file; path = "Rubik-BlackItalic.ttf"; sourceTree = "<group>"; };
		260A415F24DB2CC9003553E7 /* Rubik-Black.ttf */ = {isa = PBXFileReference; lastKnownFileType = file; path = "Rubik-Black.ttf"; sourceTree = "<group>"; };
		2620EA0924C759F0001F1EE0 /* FormTriangle.swift */ = {isa = PBXFileReference; lastKnownFileType = sourcecode.swift; path = FormTriangle.swift; sourceTree = "<group>"; };
		263D144C24EEE5DC00111A76 /* ShapeGameWrongAnswers.swift */ = {isa = PBXFileReference; lastKnownFileType = sourcecode.swift; path = ShapeGameWrongAnswers.swift; sourceTree = "<group>"; };
		263D144E24EEF0A800111A76 /* GameState.swift */ = {isa = PBXFileReference; lastKnownFileType = sourcecode.swift; path = GameState.swift; sourceTree = "<group>"; };
		2656BF282500086100231678 /* NotificationManager.swift */ = {isa = PBXFileReference; lastKnownFileType = sourcecode.swift; path = NotificationManager.swift; sourceTree = "<group>"; };
		26660AC224C7834E000A9845 /* RandomColor.swift */ = {isa = PBXFileReference; lastKnownFileType = sourcecode.swift; path = RandomColor.swift; sourceTree = "<group>"; };
		26763D2B24C8C7690056F2BC /* RandomForm.swift */ = {isa = PBXFileReference; lastKnownFileType = sourcecode.swift; path = RandomForm.swift; sourceTree = "<group>"; };
		2693CB3324BF8B9500D1DEC9 /* CKDataService.swift */ = {isa = PBXFileReference; lastKnownFileType = sourcecode.swift; path = CKDataService.swift; sourceTree = "<group>"; };
		26940AE624C0E18F00F258B6 /* CKCloudDataProtocol.swift */ = {isa = PBXFileReference; lastKnownFileType = sourcecode.swift; path = CKCloudDataProtocol.swift; sourceTree = "<group>"; };
		26940AEA24C0E62000F258B6 /* CKCloudParseProtocol.swift */ = {isa = PBXFileReference; lastKnownFileType = sourcecode.swift; path = CKCloudParseProtocol.swift; sourceTree = "<group>"; };
		26946E8B24C75D07005A316E /* GenericPolygon.swift */ = {isa = PBXFileReference; lastKnownFileType = sourcecode.swift; path = GenericPolygon.swift; sourceTree = "<group>"; };
		26946E8D24C75EA2005A316E /* FormHexagon.swift */ = {isa = PBXFileReference; lastKnownFileType = sourcecode.swift; path = FormHexagon.swift; sourceTree = "<group>"; };
		26946E8F24C7621C005A316E /* FormHeptagon.swift */ = {isa = PBXFileReference; lastKnownFileType = sourcecode.swift; path = FormHeptagon.swift; sourceTree = "<group>"; };
		26946E9124C762A3005A316E /* FormDecagon.swift */ = {isa = PBXFileReference; lastKnownFileType = sourcecode.swift; path = FormDecagon.swift; sourceTree = "<group>"; };
		26946E9324C76398005A316E /* FormPentagon.swift */ = {isa = PBXFileReference; lastKnownFileType = sourcecode.swift; path = FormPentagon.swift; sourceTree = "<group>"; };
		26946E9524C76424005A316E /* FormStar.swift */ = {isa = PBXFileReference; lastKnownFileType = sourcecode.swift; path = FormStar.swift; sourceTree = "<group>"; };
		26946E9724C76A6C005A316E /* RandomAngle.swift */ = {isa = PBXFileReference; lastKnownFileType = sourcecode.swift; path = RandomAngle.swift; sourceTree = "<group>"; };
		26C186BC24BE4AA50094AEC1 /* Chumigos.app */ = {isa = PBXFileReference; explicitFileType = wrapper.application; includeInIndex = 0; path = Chumigos.app; sourceTree = BUILT_PRODUCTS_DIR; };
		26C186BF24BE4AA50094AEC1 /* AppDelegate.swift */ = {isa = PBXFileReference; lastKnownFileType = sourcecode.swift; path = AppDelegate.swift; sourceTree = "<group>"; };
		26C186C124BE4AA50094AEC1 /* SceneDelegate.swift */ = {isa = PBXFileReference; lastKnownFileType = sourcecode.swift; path = SceneDelegate.swift; sourceTree = "<group>"; };
		26C186C424BE4AA50094AEC1 /* Chumigos.xcdatamodel */ = {isa = PBXFileReference; lastKnownFileType = wrapper.xcdatamodel; path = Chumigos.xcdatamodel; sourceTree = "<group>"; };
		26C186C624BE4AA50094AEC1 /* ContentView.swift */ = {isa = PBXFileReference; lastKnownFileType = sourcecode.swift; path = ContentView.swift; sourceTree = "<group>"; };
		26C186C824BE4AA70094AEC1 /* Assets.xcassets */ = {isa = PBXFileReference; lastKnownFileType = folder.assetcatalog; path = Assets.xcassets; sourceTree = "<group>"; };
		26C186CB24BE4AA70094AEC1 /* Preview Assets.xcassets */ = {isa = PBXFileReference; lastKnownFileType = folder.assetcatalog; path = "Preview Assets.xcassets"; sourceTree = "<group>"; };
		26C186CE24BE4AA70094AEC1 /* Base */ = {isa = PBXFileReference; lastKnownFileType = file.storyboard; name = Base; path = Base.lproj/LaunchScreen.storyboard; sourceTree = "<group>"; };
		26C186D024BE4AA70094AEC1 /* Info.plist */ = {isa = PBXFileReference; lastKnownFileType = text.plist.xml; path = Info.plist; sourceTree = "<group>"; };
		26C186D524BE4AA70094AEC1 /* ChumigosTests.xctest */ = {isa = PBXFileReference; explicitFileType = wrapper.cfbundle; includeInIndex = 0; path = ChumigosTests.xctest; sourceTree = BUILT_PRODUCTS_DIR; };
		26C186D924BE4AA70094AEC1 /* ChumigosTests.swift */ = {isa = PBXFileReference; lastKnownFileType = sourcecode.swift; path = ChumigosTests.swift; sourceTree = "<group>"; };
		26C186DB24BE4AA70094AEC1 /* Info.plist */ = {isa = PBXFileReference; lastKnownFileType = text.plist.xml; path = Info.plist; sourceTree = "<group>"; };
		26C186E024BE4AA70094AEC1 /* ChumigosUITests.xctest */ = {isa = PBXFileReference; explicitFileType = wrapper.cfbundle; includeInIndex = 0; path = ChumigosUITests.xctest; sourceTree = BUILT_PRODUCTS_DIR; };
		26C186E424BE4AA70094AEC1 /* ChumigosUITests.swift */ = {isa = PBXFileReference; lastKnownFileType = sourcecode.swift; path = ChumigosUITests.swift; sourceTree = "<group>"; };
		26C186E624BE4AA70094AEC1 /* Info.plist */ = {isa = PBXFileReference; lastKnownFileType = text.plist.xml; path = Info.plist; sourceTree = "<group>"; };
		26E0EA4B24F59FD50078566D /* EndGameViewModel.swift */ = {isa = PBXFileReference; lastKnownFileType = sourcecode.swift; path = EndGameViewModel.swift; sourceTree = "<group>"; };
		26E0EA4D24F59FF20078566D /* EndGameView.swift */ = {isa = PBXFileReference; lastKnownFileType = sourcecode.swift; path = EndGameView.swift; sourceTree = "<group>"; };
		26F434CC24FEDBCB00CE81F1 /* CoreDataPersistence.swift */ = {isa = PBXFileReference; lastKnownFileType = sourcecode.swift; path = CoreDataPersistence.swift; sourceTree = "<group>"; };
		AA24C13024E5B57A006F8C5A /* SequenceGameModel.swift */ = {isa = PBXFileReference; fileEncoding = 4; lastKnownFileType = sourcecode.swift; path = SequenceGameModel.swift; sourceTree = "<group>"; };
		AA24C13224E5C06A006F8C5A /* Question.swift */ = {isa = PBXFileReference; lastKnownFileType = sourcecode.swift; path = Question.swift; sourceTree = "<group>"; };
		AA24C13424E5C9E1006F8C5A /* ShapeGameViewModel.swift */ = {isa = PBXFileReference; lastKnownFileType = sourcecode.swift; path = ShapeGameViewModel.swift; sourceTree = "<group>"; };
		AA24C13824E5CB22006F8C5A /* ShapeGameView.swift */ = {isa = PBXFileReference; lastKnownFileType = sourcecode.swift; path = ShapeGameView.swift; sourceTree = "<group>"; };
		AA865AEF24E57D960066BF2A /* AlternativeBackground.swift */ = {isa = PBXFileReference; lastKnownFileType = sourcecode.swift; path = AlternativeBackground.swift; sourceTree = "<group>"; };
		AA865AF224E5AC010066BF2A /* ShapeGameModel.swift */ = {isa = PBXFileReference; lastKnownFileType = sourcecode.swift; path = ShapeGameModel.swift; sourceTree = "<group>"; };
		AAA0613824E30819008CD91B /* SequenceGameView.swift */ = {isa = PBXFileReference; lastKnownFileType = sourcecode.swift; path = SequenceGameView.swift; sourceTree = "<group>"; };
		AAA0613A24E31685008CD91B /* SequenceGameViewModel.swift */ = {isa = PBXFileReference; lastKnownFileType = sourcecode.swift; path = SequenceGameViewModel.swift; sourceTree = "<group>"; };
		AAA0613C24E49683008CD91B /* Draggable.swift */ = {isa = PBXFileReference; lastKnownFileType = sourcecode.swift; path = Draggable.swift; sourceTree = "<group>"; };
		AB855F0F24F42FD000C5A739 /* GameObject.swift */ = {isa = PBXFileReference; lastKnownFileType = sourcecode.swift; path = GameObject.swift; sourceTree = "<group>"; };
		AB855F1124F430EE00C5A739 /* GameNames.swift */ = {isa = PBXFileReference; lastKnownFileType = sourcecode.swift; path = GameNames.swift; sourceTree = "<group>"; };
		AB855F1424F4341400C5A739 /* User.swift */ = {isa = PBXFileReference; lastKnownFileType = sourcecode.swift; path = User.swift; sourceTree = "<group>"; };
		AB855F1624F4354800C5A739 /* TrailSection.swift */ = {isa = PBXFileReference; lastKnownFileType = sourcecode.swift; path = TrailSection.swift; sourceTree = "<group>"; };
		AB855F1824F439B200C5A739 /* TrailTile.swift */ = {isa = PBXFileReference; lastKnownFileType = sourcecode.swift; path = TrailTile.swift; sourceTree = "<group>"; };
		AB855F1A24F450A000C5A739 /* TrailView.swift */ = {isa = PBXFileReference; lastKnownFileType = sourcecode.swift; path = TrailView.swift; sourceTree = "<group>"; };
		ABC7425F24DB249600CC3B7E /* Tile.swift */ = {isa = PBXFileReference; lastKnownFileType = sourcecode.swift; path = Tile.swift; sourceTree = "<group>"; };
		ABC7426124DB29BE00CC3B7E /* QuestionTile.swift */ = {isa = PBXFileReference; lastKnownFileType = sourcecode.swift; path = QuestionTile.swift; sourceTree = "<group>"; };
		ABCDB24024BF88EA00F9A9B8 /* Chumigos.entitlements */ = {isa = PBXFileReference; lastKnownFileType = text.plist.entitlements; path = Chumigos.entitlements; sourceTree = "<group>"; };
		ABCDB24224BF88EE00F9A9B8 /* CloudKit.framework */ = {isa = PBXFileReference; lastKnownFileType = wrapper.framework; name = CloudKit.framework; path = System/Library/Frameworks/CloudKit.framework; sourceTree = SDKROOT; };
		E74D7F8924BF7352000BF076 /* HomeScreenViewModel.swift */ = {isa = PBXFileReference; lastKnownFileType = sourcecode.swift; path = HomeScreenViewModel.swift; sourceTree = "<group>"; };
		E7712CA424F42F4200B4191C /* GameFeedbackMessage.swift */ = {isa = PBXFileReference; lastKnownFileType = sourcecode.swift; path = GameFeedbackMessage.swift; sourceTree = "<group>"; };
		E78DA52E24BF7C17001A3079 /* en */ = {isa = PBXFileReference; lastKnownFileType = text.plist.strings; name = en; path = en.lproj/Localizable.strings; sourceTree = "<group>"; };
		E78DA53024BF7EA1001A3079 /* fr */ = {isa = PBXFileReference; lastKnownFileType = text.plist.strings; name = fr; path = fr.lproj/LaunchScreen.strings; sourceTree = "<group>"; };
		E78DA53124BF7EA1001A3079 /* fr */ = {isa = PBXFileReference; lastKnownFileType = text.plist.strings; name = fr; path = fr.lproj/Localizable.strings; sourceTree = "<group>"; };
/* End PBXFileReference section */

/* Begin PBXFrameworksBuildPhase section */
		26C186B924BE4AA50094AEC1 /* Frameworks */ = {
			isa = PBXFrameworksBuildPhase;
			buildActionMask = 2147483647;
			files = (
				ABCDB24324BF88EE00F9A9B8 /* CloudKit.framework in Frameworks */,
			);
			runOnlyForDeploymentPostprocessing = 0;
		};
		26C186D224BE4AA70094AEC1 /* Frameworks */ = {
			isa = PBXFrameworksBuildPhase;
			buildActionMask = 2147483647;
			files = (
			);
			runOnlyForDeploymentPostprocessing = 0;
		};
		26C186DD24BE4AA70094AEC1 /* Frameworks */ = {
			isa = PBXFrameworksBuildPhase;
			buildActionMask = 2147483647;
			files = (
			);
			runOnlyForDeploymentPostprocessing = 0;
		};
/* End PBXFrameworksBuildPhase section */

/* Begin PBXGroup section */
		260A414B24DB297C003553E7 /* Fonts */ = {
			isa = PBXGroup;
			children = (
				260A415F24DB2CC9003553E7 /* Rubik-Black.ttf */,
				260A415E24DB2CC9003553E7 /* Rubik-BlackItalic.ttf */,
				260A415C24DB2CC8003553E7 /* Rubik-Bold.ttf */,
				260A415624DB2CC8003553E7 /* Rubik-BoldItalic.ttf */,
				260A415724DB2CC8003553E7 /* Rubik-Italic.ttf */,
				260A415D24DB2CC9003553E7 /* Rubik-Light.ttf */,
				260A415A24DB2CC8003553E7 /* Rubik-LightItalic.ttf */,
				260A415B24DB2CC8003553E7 /* Rubik-Medium.ttf */,
				260A415824DB2CC8003553E7 /* Rubik-MediumItalic.ttf */,
				260A415924DB2CC8003553E7 /* Rubik-Regular.ttf */,
			);
			path = Fonts;
			sourceTree = "<group>";
		};
		2620EA0B24C75A30001F1EE0 /* Forms */ = {
			isa = PBXGroup;
			children = (
				2620EA0924C759F0001F1EE0 /* FormTriangle.swift */,
				26946E8B24C75D07005A316E /* GenericPolygon.swift */,
				26946E8D24C75EA2005A316E /* FormHexagon.swift */,
				26946E8F24C7621C005A316E /* FormHeptagon.swift */,
				26946E9124C762A3005A316E /* FormDecagon.swift */,
				26946E9324C76398005A316E /* FormPentagon.swift */,
				26946E9724C76A6C005A316E /* RandomAngle.swift */,
				26946E9524C76424005A316E /* FormStar.swift */,
				26660AC224C7834E000A9845 /* RandomColor.swift */,
				26763D2B24C8C7690056F2BC /* RandomForm.swift */,
			);
			path = Forms;
			sourceTree = "<group>";
		};
		2693CB3524BF8BAA00D1DEC9 /* Service */ = {
			isa = PBXGroup;
			children = (
				2693CB3324BF8B9500D1DEC9 /* CKDataService.swift */,
				26940AE624C0E18F00F258B6 /* CKCloudDataProtocol.swift */,
				26940AEA24C0E62000F258B6 /* CKCloudParseProtocol.swift */,
				26F434CC24FEDBCB00CE81F1 /* CoreDataPersistence.swift */,
			);
			path = Service;
			sourceTree = "<group>";
		};
		26C186B324BE4AA50094AEC1 = {
			isa = PBXGroup;
			children = (
				26C186BE24BE4AA50094AEC1 /* Chumigos */,
				26C186D824BE4AA70094AEC1 /* ChumigosTests */,
				26C186E324BE4AA70094AEC1 /* ChumigosUITests */,
				26C186BD24BE4AA50094AEC1 /* Products */,
				ABCDB24124BF88EE00F9A9B8 /* Frameworks */,
			);
			sourceTree = "<group>";
		};
		26C186BD24BE4AA50094AEC1 /* Products */ = {
			isa = PBXGroup;
			children = (
				26C186BC24BE4AA50094AEC1 /* Chumigos.app */,
				26C186D524BE4AA70094AEC1 /* ChumigosTests.xctest */,
				26C186E024BE4AA70094AEC1 /* ChumigosUITests.xctest */,
			);
			name = Products;
			sourceTree = "<group>";
		};
		26C186BE24BE4AA50094AEC1 /* Chumigos */ = {
			isa = PBXGroup;
			children = (
				AB855F1324F4340700C5A739 /* User */,
				AB855F0B24F42BDF00C5A739 /* Trail */,
				E7FDEB8724C2312A008DDAEB /* Games */,
				260A414B24DB297C003553E7 /* Fonts */,
				E78DA52A24BF7B42001A3079 /* Localized Strings */,
				E74D7F8824BF7318000BF076 /* Support */,
				2693CB3524BF8BAA00D1DEC9 /* Service */,
				E74D7F8724BF72BA000BF076 /* Home Screen */,
				26C186C824BE4AA70094AEC1 /* Assets.xcassets */,
				ABCDB24024BF88EA00F9A9B8 /* Chumigos.entitlements */,
				26C186CA24BE4AA70094AEC1 /* Preview Content */,
			);
			path = Chumigos;
			sourceTree = "<group>";
		};
		26C186CA24BE4AA70094AEC1 /* Preview Content */ = {
			isa = PBXGroup;
			children = (
				26C186CB24BE4AA70094AEC1 /* Preview Assets.xcassets */,
			);
			path = "Preview Content";
			sourceTree = "<group>";
		};
		26C186D824BE4AA70094AEC1 /* ChumigosTests */ = {
			isa = PBXGroup;
			children = (
				26C186D924BE4AA70094AEC1 /* ChumigosTests.swift */,
				26C186DB24BE4AA70094AEC1 /* Info.plist */,
			);
			path = ChumigosTests;
			sourceTree = "<group>";
		};
		26C186E324BE4AA70094AEC1 /* ChumigosUITests */ = {
			isa = PBXGroup;
			children = (
				26C186E424BE4AA70094AEC1 /* ChumigosUITests.swift */,
				26C186E624BE4AA70094AEC1 /* Info.plist */,
			);
			path = ChumigosUITests;
			sourceTree = "<group>";
		};
		26E0EA4724F59F4B0078566D /* EndGameView */ = {
			isa = PBXGroup;
			children = (
				26E0EA4A24F59FAB0078566D /* Model */,
				26E0EA4924F59F960078566D /* View */,
				26E0EA4824F59F800078566D /* ViewModel */,
			);
			path = EndGameView;
			sourceTree = "<group>";
		};
		26E0EA4824F59F800078566D /* ViewModel */ = {
			isa = PBXGroup;
			children = (
				26E0EA4B24F59FD50078566D /* EndGameViewModel.swift */,
			);
			path = ViewModel;
			sourceTree = "<group>";
		};
		26E0EA4924F59F960078566D /* View */ = {
			isa = PBXGroup;
			children = (
				26E0EA4D24F59FF20078566D /* EndGameView.swift */,
			);
			path = View;
			sourceTree = "<group>";
		};
		26E0EA4A24F59FAB0078566D /* Model */ = {
			isa = PBXGroup;
			children = (
			);
			path = Model;
			sourceTree = "<group>";
		};
		AA24C13624E5C9E7006F8C5A /* ViewModel */ = {
			isa = PBXGroup;
			children = (
				AA24C13424E5C9E1006F8C5A /* ShapeGameViewModel.swift */,
			);
			path = ViewModel;
			sourceTree = "<group>";
		};
		AA24C13724E5CAFD006F8C5A /* View */ = {
			isa = PBXGroup;
			children = (
				AA24C13824E5CB22006F8C5A /* ShapeGameView.swift */,
			);
			path = View;
			sourceTree = "<group>";
		};
		AA48142724EB1D1F00134024 /* Components */ = {
			isa = PBXGroup;
			children = (
				26E0EA4724F59F4B0078566D /* EndGameView */,
				E7712CA324F42F0B00B4191C /* Models */,
				AA48142824EB1D3400134024 /* Progress Bar */,
				AA865AEF24E57D960066BF2A /* AlternativeBackground.swift */,
				AAA0613C24E49683008CD91B /* Draggable.swift */,
				260A412E24D9F327003553E7 /* GameButton.swift */,
				ABC7426124DB29BE00CC3B7E /* QuestionTile.swift */,
				ABC7425F24DB249600CC3B7E /* Tile.swift */,
				E7712CA424F42F4200B4191C /* GameFeedbackMessage.swift */,
			);
			path = Components;
			sourceTree = "<group>";
		};
		AA48142824EB1D3400134024 /* Progress Bar */ = {
			isa = PBXGroup;
			children = (
				260751F024DB4E1C005816DB /* ProgressBarView.swift */,
				260751F224DB4E2F005816DB /* ProgressBarViewModel.swift */,
			);
			path = "Progress Bar";
			sourceTree = "<group>";
		};
		AA865AF124E5ABE60066BF2A /* Sequence Game */ = {
			isa = PBXGroup;
			children = (
				AAA0613524E307C2008CD91B /* Model */,
				AAA0613724E307E6008CD91B /* View */,
				AAA0613624E307D9008CD91B /* ViewModel */,
			);
			path = "Sequence Game";
			sourceTree = "<group>";
		};
		AA865AF424E5AC080066BF2A /* Model */ = {
			isa = PBXGroup;
			children = (
				AA865AF224E5AC010066BF2A /* ShapeGameModel.swift */,
				263D144C24EEE5DC00111A76 /* ShapeGameWrongAnswers.swift */,
			);
			path = Model;
			sourceTree = "<group>";
		};
		AA865AF524E5AC110066BF2A /* Shape Game */ = {
			isa = PBXGroup;
			children = (
				AA865AF424E5AC080066BF2A /* Model */,
				AA24C13724E5CAFD006F8C5A /* View */,
				AA24C13624E5C9E7006F8C5A /* ViewModel */,
			);
			path = "Shape Game";
			sourceTree = "<group>";
		};
		AAA0613524E307C2008CD91B /* Model */ = {
			isa = PBXGroup;
			children = (
				AA24C13024E5B57A006F8C5A /* SequenceGameModel.swift */,
			);
			path = Model;
			sourceTree = "<group>";
		};
		AAA0613624E307D9008CD91B /* ViewModel */ = {
			isa = PBXGroup;
			children = (
				AAA0613A24E31685008CD91B /* SequenceGameViewModel.swift */,
			);
			path = ViewModel;
			sourceTree = "<group>";
		};
		AAA0613724E307E6008CD91B /* View */ = {
			isa = PBXGroup;
			children = (
				AAA0613824E30819008CD91B /* SequenceGameView.swift */,
			);
			path = View;
			sourceTree = "<group>";
		};
		AB855F0B24F42BDF00C5A739 /* Trail */ = {
			isa = PBXGroup;
			children = (
				AB855F0E24F42BFB00C5A739 /* View */,
				AB855F0D24F42BEF00C5A739 /* ViewModel */,
				AB855F0C24F42BE900C5A739 /* Model */,
			);
			path = Trail;
			sourceTree = "<group>";
		};
		AB855F0C24F42BE900C5A739 /* Model */ = {
			isa = PBXGroup;
			children = (
				AB855F0F24F42FD000C5A739 /* GameObject.swift */,
				AB855F1624F4354800C5A739 /* TrailSection.swift */,
			);
			path = Model;
			sourceTree = "<group>";
		};
		AB855F0D24F42BEF00C5A739 /* ViewModel */ = {
			isa = PBXGroup;
			children = (
			);
			path = ViewModel;
			sourceTree = "<group>";
		};
		AB855F0E24F42BFB00C5A739 /* View */ = {
			isa = PBXGroup;
			children = (
				AB855F1824F439B200C5A739 /* TrailTile.swift */,
				AB855F1A24F450A000C5A739 /* TrailView.swift */,
			);
			path = View;
			sourceTree = "<group>";
		};
		AB855F1324F4340700C5A739 /* User */ = {
			isa = PBXGroup;
			children = (
				AB855F1424F4341400C5A739 /* User.swift */,
			);
			path = User;
			sourceTree = "<group>";
		};
		ABCDB24124BF88EE00F9A9B8 /* Frameworks */ = {
			isa = PBXGroup;
			children = (
				ABCDB24224BF88EE00F9A9B8 /* CloudKit.framework */,
			);
			name = Frameworks;
			sourceTree = "<group>";
		};
		E74D7F8524BF70F7000BF076 /* View Model */ = {
			isa = PBXGroup;
			children = (
				E74D7F8924BF7352000BF076 /* HomeScreenViewModel.swift */,
			);
			path = "View Model";
			sourceTree = "<group>";
		};
		E74D7F8624BF7104000BF076 /* View */ = {
			isa = PBXGroup;
			children = (
				26C186C624BE4AA50094AEC1 /* ContentView.swift */,
			);
			path = View;
			sourceTree = "<group>";
		};
		E74D7F8724BF72BA000BF076 /* Home Screen */ = {
			isa = PBXGroup;
			children = (
				E74D7F8524BF70F7000BF076 /* View Model */,
				E74D7F8624BF7104000BF076 /* View */,
			);
			path = "Home Screen";
			sourceTree = "<group>";
		};
		E74D7F8824BF7318000BF076 /* Support */ = {
			isa = PBXGroup;
			children = (
				2620EA0B24C75A30001F1EE0 /* Forms */,
				26C186D024BE4AA70094AEC1 /* Info.plist */,
				26C186CD24BE4AA70094AEC1 /* LaunchScreen.storyboard */,
				26C186C124BE4AA50094AEC1 /* SceneDelegate.swift */,
				26C186BF24BE4AA50094AEC1 /* AppDelegate.swift */,
				26C186C324BE4AA50094AEC1 /* Chumigos.xcdatamodeld */,
				AB855F1124F430EE00C5A739 /* GameNames.swift */,
				2656BF282500086100231678 /* NotificationManager.swift */,
			);
			path = Support;
			sourceTree = "<group>";
		};
		E7712CA324F42F0B00B4191C /* Models */ = {
			isa = PBXGroup;
			children = (
				263D144E24EEF0A800111A76 /* GameState.swift */,
				AA24C13224E5C06A006F8C5A /* Question.swift */,
			);
			path = Models;
			sourceTree = "<group>";
		};
		E78DA52A24BF7B42001A3079 /* Localized Strings */ = {
			isa = PBXGroup;
			children = (
				E78DA52F24BF7C17001A3079 /* Localizable.strings */,
			);
			path = "Localized Strings";
			sourceTree = "<group>";
		};
		E7FDEB8724C2312A008DDAEB /* Games */ = {
			isa = PBXGroup;
			children = (
				AA48142724EB1D1F00134024 /* Components */,
				AA865AF124E5ABE60066BF2A /* Sequence Game */,
				AA865AF524E5AC110066BF2A /* Shape Game */,
			);
			path = Games;
			sourceTree = "<group>";
		};
/* End PBXGroup section */

/* Begin PBXNativeTarget section */
		26C186BB24BE4AA50094AEC1 /* Chumigos */ = {
			isa = PBXNativeTarget;
			buildConfigurationList = 26C186E924BE4AA70094AEC1 /* Build configuration list for PBXNativeTarget "Chumigos" */;
			buildPhases = (
				26C186B824BE4AA50094AEC1 /* Sources */,
				26C186B924BE4AA50094AEC1 /* Frameworks */,
				26C186BA24BE4AA50094AEC1 /* Resources */,
			);
			buildRules = (
			);
			dependencies = (
			);
			name = Chumigos;
			productName = Chumigos;
			productReference = 26C186BC24BE4AA50094AEC1 /* Chumigos.app */;
			productType = "com.apple.product-type.application";
		};
		26C186D424BE4AA70094AEC1 /* ChumigosTests */ = {
			isa = PBXNativeTarget;
			buildConfigurationList = 26C186EC24BE4AA70094AEC1 /* Build configuration list for PBXNativeTarget "ChumigosTests" */;
			buildPhases = (
				26C186D124BE4AA70094AEC1 /* Sources */,
				26C186D224BE4AA70094AEC1 /* Frameworks */,
				26C186D324BE4AA70094AEC1 /* Resources */,
			);
			buildRules = (
			);
			dependencies = (
				26C186D724BE4AA70094AEC1 /* PBXTargetDependency */,
			);
			name = ChumigosTests;
			productName = ChumigosTests;
			productReference = 26C186D524BE4AA70094AEC1 /* ChumigosTests.xctest */;
			productType = "com.apple.product-type.bundle.unit-test";
		};
		26C186DF24BE4AA70094AEC1 /* ChumigosUITests */ = {
			isa = PBXNativeTarget;
			buildConfigurationList = 26C186EF24BE4AA70094AEC1 /* Build configuration list for PBXNativeTarget "ChumigosUITests" */;
			buildPhases = (
				26C186DC24BE4AA70094AEC1 /* Sources */,
				26C186DD24BE4AA70094AEC1 /* Frameworks */,
				26C186DE24BE4AA70094AEC1 /* Resources */,
			);
			buildRules = (
			);
			dependencies = (
				26C186E224BE4AA70094AEC1 /* PBXTargetDependency */,
			);
			name = ChumigosUITests;
			productName = ChumigosUITests;
			productReference = 26C186E024BE4AA70094AEC1 /* ChumigosUITests.xctest */;
			productType = "com.apple.product-type.bundle.ui-testing";
		};
/* End PBXNativeTarget section */

/* Begin PBXProject section */
		26C186B424BE4AA50094AEC1 /* Project object */ = {
			isa = PBXProject;
			attributes = {
				LastSwiftUpdateCheck = 1130;
				LastUpgradeCheck = 1130;
				ORGANIZATIONNAME = "Annderson Packeiser Oreto";
				TargetAttributes = {
					26C186BB24BE4AA50094AEC1 = {
						CreatedOnToolsVersion = 11.3.1;
					};
					26C186D424BE4AA70094AEC1 = {
						CreatedOnToolsVersion = 11.3.1;
						TestTargetID = 26C186BB24BE4AA50094AEC1;
					};
					26C186DF24BE4AA70094AEC1 = {
						CreatedOnToolsVersion = 11.3.1;
						TestTargetID = 26C186BB24BE4AA50094AEC1;
					};
				};
			};
			buildConfigurationList = 26C186B724BE4AA50094AEC1 /* Build configuration list for PBXProject "Chumigos" */;
			compatibilityVersion = "Xcode 9.3";
			developmentRegion = en;
			hasScannedForEncodings = 0;
			knownRegions = (
				en,
				Base,
				fr,
			);
			mainGroup = 26C186B324BE4AA50094AEC1;
			productRefGroup = 26C186BD24BE4AA50094AEC1 /* Products */;
			projectDirPath = "";
			projectRoot = "";
			targets = (
				26C186BB24BE4AA50094AEC1 /* Chumigos */,
				26C186D424BE4AA70094AEC1 /* ChumigosTests */,
				26C186DF24BE4AA70094AEC1 /* ChumigosUITests */,
			);
		};
/* End PBXProject section */

/* Begin PBXResourcesBuildPhase section */
		26C186BA24BE4AA50094AEC1 /* Resources */ = {
			isa = PBXResourcesBuildPhase;
			buildActionMask = 2147483647;
			files = (
				260A416624DB2CC9003553E7 /* Rubik-Bold.ttf in Resources */,
				260A416724DB2CC9003553E7 /* Rubik-Light.ttf in Resources */,
				260A416024DB2CC9003553E7 /* Rubik-BoldItalic.ttf in Resources */,
				260A416324DB2CC9003553E7 /* Rubik-Regular.ttf in Resources */,
				26C186CF24BE4AA70094AEC1 /* LaunchScreen.storyboard in Resources */,
				260A416424DB2CC9003553E7 /* Rubik-LightItalic.ttf in Resources */,
				260A416124DB2CC9003553E7 /* Rubik-Italic.ttf in Resources */,
				E78DA52D24BF7C17001A3079 /* Localizable.strings in Resources */,
				260A416224DB2CC9003553E7 /* Rubik-MediumItalic.ttf in Resources */,
				260A416824DB2CC9003553E7 /* Rubik-BlackItalic.ttf in Resources */,
				260A416924DB2CC9003553E7 /* Rubik-Black.ttf in Resources */,
				26C186CC24BE4AA70094AEC1 /* Preview Assets.xcassets in Resources */,
				26C186C924BE4AA70094AEC1 /* Assets.xcassets in Resources */,
				260A416524DB2CC9003553E7 /* Rubik-Medium.ttf in Resources */,
			);
			runOnlyForDeploymentPostprocessing = 0;
		};
		26C186D324BE4AA70094AEC1 /* Resources */ = {
			isa = PBXResourcesBuildPhase;
			buildActionMask = 2147483647;
			files = (
			);
			runOnlyForDeploymentPostprocessing = 0;
		};
		26C186DE24BE4AA70094AEC1 /* Resources */ = {
			isa = PBXResourcesBuildPhase;
			buildActionMask = 2147483647;
			files = (
			);
			runOnlyForDeploymentPostprocessing = 0;
		};
/* End PBXResourcesBuildPhase section */

/* Begin PBXSourcesBuildPhase section */
		26C186B824BE4AA50094AEC1 /* Sources */ = {
			isa = PBXSourcesBuildPhase;
			buildActionMask = 2147483647;
			files = (
				26C186C024BE4AA50094AEC1 /* AppDelegate.swift in Sources */,
				260751F324DB4E2F005816DB /* ProgressBarViewModel.swift in Sources */,
				26E0EA4C24F59FD50078566D /* EndGameViewModel.swift in Sources */,
				AA24C13124E5B57A006F8C5A /* SequenceGameModel.swift in Sources */,
				AA865AF324E5AC010066BF2A /* ShapeGameModel.swift in Sources */,
				AA865AF024E57D960066BF2A /* AlternativeBackground.swift in Sources */,
				ABC7426024DB249600CC3B7E /* Tile.swift in Sources */,
				AB855F1224F430EE00C5A739 /* GameNames.swift in Sources */,
				AA24C13324E5C06A006F8C5A /* Question.swift in Sources */,
				26C186C224BE4AA50094AEC1 /* SceneDelegate.swift in Sources */,
				26C186C724BE4AA50094AEC1 /* ContentView.swift in Sources */,
				26940AE724C0E18F00F258B6 /* CKCloudDataProtocol.swift in Sources */,
				2656BF292500086100231678 /* NotificationManager.swift in Sources */,
				26F434CD24FEDBCB00CE81F1 /* CoreDataPersistence.swift in Sources */,
				26763D2C24C8C7690056F2BC /* RandomForm.swift in Sources */,
				AB855F1024F42FD000C5A739 /* GameObject.swift in Sources */,
				AB855F1524F4341400C5A739 /* User.swift in Sources */,
				26946E9824C76A6C005A316E /* RandomAngle.swift in Sources */,
				AAA0613924E30819008CD91B /* SequenceGameView.swift in Sources */,
				26946E8C24C75D07005A316E /* GenericPolygon.swift in Sources */,
				26946E9424C76398005A316E /* FormPentagon.swift in Sources */,
				263D144D24EEE5DC00111A76 /* ShapeGameWrongAnswers.swift in Sources */,
				260751F124DB4E1C005816DB /* ProgressBarView.swift in Sources */,
				AB855F1B24F450A000C5A739 /* TrailView.swift in Sources */,
				AAA0613B24E31685008CD91B /* SequenceGameViewModel.swift in Sources */,
				AA24C13924E5CB22006F8C5A /* ShapeGameView.swift in Sources */,
				26C186C524BE4AA50094AEC1 /* Chumigos.xcdatamodeld in Sources */,
				26660AC324C7834E000A9845 /* RandomColor.swift in Sources */,
				E74D7F8A24BF7352000BF076 /* HomeScreenViewModel.swift in Sources */,
				2620EA0A24C759F0001F1EE0 /* FormTriangle.swift in Sources */,
				ABC7426224DB29BE00CC3B7E /* QuestionTile.swift in Sources */,
				AB855F1924F439B200C5A739 /* TrailTile.swift in Sources */,
				26946E9224C762A3005A316E /* FormDecagon.swift in Sources */,
				263D144F24EEF0A800111A76 /* GameState.swift in Sources */,
				26940AEB24C0E62000F258B6 /* CKCloudParseProtocol.swift in Sources */,
				2693CB3424BF8B9500D1DEC9 /* CKDataService.swift in Sources */,
				26E0EA4E24F59FF20078566D /* EndGameView.swift in Sources */,
				E7712CA524F42F4200B4191C /* GameFeedbackMessage.swift in Sources */,
				26946E9624C76424005A316E /* FormStar.swift in Sources */,
				26946E8E24C75EA2005A316E /* FormHexagon.swift in Sources */,
				26946E9024C7621C005A316E /* FormHeptagon.swift in Sources */,
				260A412F24D9F327003553E7 /* GameButton.swift in Sources */,
				AA24C13524E5C9E1006F8C5A /* ShapeGameViewModel.swift in Sources */,
				AB855F1724F4354800C5A739 /* TrailSection.swift in Sources */,
				AAA0613D24E49683008CD91B /* Draggable.swift in Sources */,
			);
			runOnlyForDeploymentPostprocessing = 0;
		};
		26C186D124BE4AA70094AEC1 /* Sources */ = {
			isa = PBXSourcesBuildPhase;
			buildActionMask = 2147483647;
			files = (
				26C186DA24BE4AA70094AEC1 /* ChumigosTests.swift in Sources */,
			);
			runOnlyForDeploymentPostprocessing = 0;
		};
		26C186DC24BE4AA70094AEC1 /* Sources */ = {
			isa = PBXSourcesBuildPhase;
			buildActionMask = 2147483647;
			files = (
				26C186E524BE4AA70094AEC1 /* ChumigosUITests.swift in Sources */,
			);
			runOnlyForDeploymentPostprocessing = 0;
		};
/* End PBXSourcesBuildPhase section */

/* Begin PBXTargetDependency section */
		26C186D724BE4AA70094AEC1 /* PBXTargetDependency */ = {
			isa = PBXTargetDependency;
			target = 26C186BB24BE4AA50094AEC1 /* Chumigos */;
			targetProxy = 26C186D624BE4AA70094AEC1 /* PBXContainerItemProxy */;
		};
		26C186E224BE4AA70094AEC1 /* PBXTargetDependency */ = {
			isa = PBXTargetDependency;
			target = 26C186BB24BE4AA50094AEC1 /* Chumigos */;
			targetProxy = 26C186E124BE4AA70094AEC1 /* PBXContainerItemProxy */;
		};
/* End PBXTargetDependency section */

/* Begin PBXVariantGroup section */
		26C186CD24BE4AA70094AEC1 /* LaunchScreen.storyboard */ = {
			isa = PBXVariantGroup;
			children = (
				26C186CE24BE4AA70094AEC1 /* Base */,
				E78DA53024BF7EA1001A3079 /* fr */,
			);
			name = LaunchScreen.storyboard;
			sourceTree = "<group>";
		};
		E78DA52F24BF7C17001A3079 /* Localizable.strings */ = {
			isa = PBXVariantGroup;
			children = (
				E78DA52E24BF7C17001A3079 /* en */,
				E78DA53124BF7EA1001A3079 /* fr */,
			);
			name = Localizable.strings;
			sourceTree = "<group>";
		};
/* End PBXVariantGroup section */

/* Begin XCBuildConfiguration section */
		26C186E724BE4AA70094AEC1 /* Debug */ = {
			isa = XCBuildConfiguration;
			buildSettings = {
				ALWAYS_SEARCH_USER_PATHS = NO;
				CLANG_ANALYZER_LOCALIZABILITY_NONLOCALIZED = YES;
				CLANG_ANALYZER_NONNULL = YES;
				CLANG_ANALYZER_NUMBER_OBJECT_CONVERSION = YES_AGGRESSIVE;
				CLANG_CXX_LANGUAGE_STANDARD = "gnu++14";
				CLANG_CXX_LIBRARY = "libc++";
				CLANG_ENABLE_MODULES = YES;
				CLANG_ENABLE_OBJC_ARC = YES;
				CLANG_ENABLE_OBJC_WEAK = YES;
				CLANG_WARN_BLOCK_CAPTURE_AUTORELEASING = YES;
				CLANG_WARN_BOOL_CONVERSION = YES;
				CLANG_WARN_COMMA = YES;
				CLANG_WARN_CONSTANT_CONVERSION = YES;
				CLANG_WARN_DEPRECATED_OBJC_IMPLEMENTATIONS = YES;
				CLANG_WARN_DIRECT_OBJC_ISA_USAGE = YES_ERROR;
				CLANG_WARN_DOCUMENTATION_COMMENTS = YES;
				CLANG_WARN_EMPTY_BODY = YES;
				CLANG_WARN_ENUM_CONVERSION = YES;
				CLANG_WARN_INFINITE_RECURSION = YES;
				CLANG_WARN_INT_CONVERSION = YES;
				CLANG_WARN_NON_LITERAL_NULL_CONVERSION = YES;
				CLANG_WARN_OBJC_IMPLICIT_RETAIN_SELF = YES;
				CLANG_WARN_OBJC_LITERAL_CONVERSION = YES;
				CLANG_WARN_OBJC_ROOT_CLASS = YES_ERROR;
				CLANG_WARN_RANGE_LOOP_ANALYSIS = YES;
				CLANG_WARN_STRICT_PROTOTYPES = YES;
				CLANG_WARN_SUSPICIOUS_MOVE = YES;
				CLANG_WARN_UNGUARDED_AVAILABILITY = YES_AGGRESSIVE;
				CLANG_WARN_UNREACHABLE_CODE = YES;
				CLANG_WARN__DUPLICATE_METHOD_MATCH = YES;
				COPY_PHASE_STRIP = NO;
				DEBUG_INFORMATION_FORMAT = dwarf;
				ENABLE_STRICT_OBJC_MSGSEND = YES;
				ENABLE_TESTABILITY = YES;
				GCC_C_LANGUAGE_STANDARD = gnu11;
				GCC_DYNAMIC_NO_PIC = NO;
				GCC_NO_COMMON_BLOCKS = YES;
				GCC_OPTIMIZATION_LEVEL = 0;
				GCC_PREPROCESSOR_DEFINITIONS = (
					"DEBUG=1",
					"$(inherited)",
				);
				GCC_WARN_64_TO_32_BIT_CONVERSION = YES;
				GCC_WARN_ABOUT_RETURN_TYPE = YES_ERROR;
				GCC_WARN_UNDECLARED_SELECTOR = YES;
				GCC_WARN_UNINITIALIZED_AUTOS = YES_AGGRESSIVE;
				GCC_WARN_UNUSED_FUNCTION = YES;
				GCC_WARN_UNUSED_VARIABLE = YES;
				IPHONEOS_DEPLOYMENT_TARGET = 13.2;
				MTL_ENABLE_DEBUG_INFO = INCLUDE_SOURCE;
				MTL_FAST_MATH = YES;
				ONLY_ACTIVE_ARCH = YES;
				SDKROOT = iphoneos;
				SWIFT_ACTIVE_COMPILATION_CONDITIONS = DEBUG;
				SWIFT_OPTIMIZATION_LEVEL = "-Onone";
			};
			name = Debug;
		};
		26C186E824BE4AA70094AEC1 /* Release */ = {
			isa = XCBuildConfiguration;
			buildSettings = {
				ALWAYS_SEARCH_USER_PATHS = NO;
				CLANG_ANALYZER_LOCALIZABILITY_NONLOCALIZED = YES;
				CLANG_ANALYZER_NONNULL = YES;
				CLANG_ANALYZER_NUMBER_OBJECT_CONVERSION = YES_AGGRESSIVE;
				CLANG_CXX_LANGUAGE_STANDARD = "gnu++14";
				CLANG_CXX_LIBRARY = "libc++";
				CLANG_ENABLE_MODULES = YES;
				CLANG_ENABLE_OBJC_ARC = YES;
				CLANG_ENABLE_OBJC_WEAK = YES;
				CLANG_WARN_BLOCK_CAPTURE_AUTORELEASING = YES;
				CLANG_WARN_BOOL_CONVERSION = YES;
				CLANG_WARN_COMMA = YES;
				CLANG_WARN_CONSTANT_CONVERSION = YES;
				CLANG_WARN_DEPRECATED_OBJC_IMPLEMENTATIONS = YES;
				CLANG_WARN_DIRECT_OBJC_ISA_USAGE = YES_ERROR;
				CLANG_WARN_DOCUMENTATION_COMMENTS = YES;
				CLANG_WARN_EMPTY_BODY = YES;
				CLANG_WARN_ENUM_CONVERSION = YES;
				CLANG_WARN_INFINITE_RECURSION = YES;
				CLANG_WARN_INT_CONVERSION = YES;
				CLANG_WARN_NON_LITERAL_NULL_CONVERSION = YES;
				CLANG_WARN_OBJC_IMPLICIT_RETAIN_SELF = YES;
				CLANG_WARN_OBJC_LITERAL_CONVERSION = YES;
				CLANG_WARN_OBJC_ROOT_CLASS = YES_ERROR;
				CLANG_WARN_RANGE_LOOP_ANALYSIS = YES;
				CLANG_WARN_STRICT_PROTOTYPES = YES;
				CLANG_WARN_SUSPICIOUS_MOVE = YES;
				CLANG_WARN_UNGUARDED_AVAILABILITY = YES_AGGRESSIVE;
				CLANG_WARN_UNREACHABLE_CODE = YES;
				CLANG_WARN__DUPLICATE_METHOD_MATCH = YES;
				COPY_PHASE_STRIP = NO;
				DEBUG_INFORMATION_FORMAT = "dwarf-with-dsym";
				ENABLE_NS_ASSERTIONS = NO;
				ENABLE_STRICT_OBJC_MSGSEND = YES;
				GCC_C_LANGUAGE_STANDARD = gnu11;
				GCC_NO_COMMON_BLOCKS = YES;
				GCC_WARN_64_TO_32_BIT_CONVERSION = YES;
				GCC_WARN_ABOUT_RETURN_TYPE = YES_ERROR;
				GCC_WARN_UNDECLARED_SELECTOR = YES;
				GCC_WARN_UNINITIALIZED_AUTOS = YES_AGGRESSIVE;
				GCC_WARN_UNUSED_FUNCTION = YES;
				GCC_WARN_UNUSED_VARIABLE = YES;
				IPHONEOS_DEPLOYMENT_TARGET = 13.2;
				MTL_ENABLE_DEBUG_INFO = NO;
				MTL_FAST_MATH = YES;
				SDKROOT = iphoneos;
				SWIFT_COMPILATION_MODE = wholemodule;
				SWIFT_OPTIMIZATION_LEVEL = "-O";
				VALIDATE_PRODUCT = YES;
			};
			name = Release;
		};
		26C186EA24BE4AA70094AEC1 /* Debug */ = {
			isa = XCBuildConfiguration;
			buildSettings = {
				ASSETCATALOG_COMPILER_APPICON_NAME = AppIcon;
				CODE_SIGN_ENTITLEMENTS = Chumigos/Chumigos.entitlements;
				CODE_SIGN_STYLE = Automatic;
				DEVELOPMENT_ASSET_PATHS = "\"Chumigos/Preview Content\"";
				DEVELOPMENT_TEAM = LZ4KUFVTZH;
				ENABLE_PREVIEWS = YES;
				INFOPLIST_FILE = "$(SRCROOT)/Chumigos/Support/Info.plist";
				LD_RUNPATH_SEARCH_PATHS = (
					"$(inherited)",
					"@executable_path/Frameworks",
				);
				PRODUCT_BUNDLE_IDENTIFIER = com.mc.Chumigos;
				PRODUCT_NAME = "$(TARGET_NAME)";
				SWIFT_VERSION = 5.0;
				TARGETED_DEVICE_FAMILY = "1,2";
			};
			name = Debug;
		};
		26C186EB24BE4AA70094AEC1 /* Release */ = {
			isa = XCBuildConfiguration;
			buildSettings = {
				ASSETCATALOG_COMPILER_APPICON_NAME = AppIcon;
				CODE_SIGN_ENTITLEMENTS = Chumigos/Chumigos.entitlements;
				CODE_SIGN_STYLE = Automatic;
				DEVELOPMENT_ASSET_PATHS = "\"Chumigos/Preview Content\"";
				DEVELOPMENT_TEAM = LZ4KUFVTZH;
				ENABLE_PREVIEWS = YES;
				INFOPLIST_FILE = "$(SRCROOT)/Chumigos/Support/Info.plist";
				LD_RUNPATH_SEARCH_PATHS = (
					"$(inherited)",
					"@executable_path/Frameworks",
				);
				PRODUCT_BUNDLE_IDENTIFIER = com.mc.Chumigos;
				PRODUCT_NAME = "$(TARGET_NAME)";
				SWIFT_VERSION = 5.0;
				TARGETED_DEVICE_FAMILY = "1,2";
			};
			name = Release;
		};
		26C186ED24BE4AA70094AEC1 /* Debug */ = {
			isa = XCBuildConfiguration;
			buildSettings = {
				ALWAYS_EMBED_SWIFT_STANDARD_LIBRARIES = YES;
				BUNDLE_LOADER = "$(TEST_HOST)";
				CODE_SIGN_STYLE = Automatic;
				DEVELOPMENT_TEAM = L3PV92TM5K;
				INFOPLIST_FILE = ChumigosTests/Info.plist;
				IPHONEOS_DEPLOYMENT_TARGET = 13.2;
				LD_RUNPATH_SEARCH_PATHS = (
					"$(inherited)",
					"@executable_path/Frameworks",
					"@loader_path/Frameworks",
				);
				PRODUCT_BUNDLE_IDENTIFIER = com.annderson.ChumigosTests;
				PRODUCT_NAME = "$(TARGET_NAME)";
				SWIFT_VERSION = 5.0;
				TARGETED_DEVICE_FAMILY = "1,2";
				TEST_HOST = "$(BUILT_PRODUCTS_DIR)/Chumigos.app/Chumigos";
			};
			name = Debug;
		};
		26C186EE24BE4AA70094AEC1 /* Release */ = {
			isa = XCBuildConfiguration;
			buildSettings = {
				ALWAYS_EMBED_SWIFT_STANDARD_LIBRARIES = YES;
				BUNDLE_LOADER = "$(TEST_HOST)";
				CODE_SIGN_STYLE = Automatic;
				DEVELOPMENT_TEAM = L3PV92TM5K;
				INFOPLIST_FILE = ChumigosTests/Info.plist;
				IPHONEOS_DEPLOYMENT_TARGET = 13.2;
				LD_RUNPATH_SEARCH_PATHS = (
					"$(inherited)",
					"@executable_path/Frameworks",
					"@loader_path/Frameworks",
				);
				PRODUCT_BUNDLE_IDENTIFIER = com.annderson.ChumigosTests;
				PRODUCT_NAME = "$(TARGET_NAME)";
				SWIFT_VERSION = 5.0;
				TARGETED_DEVICE_FAMILY = "1,2";
				TEST_HOST = "$(BUILT_PRODUCTS_DIR)/Chumigos.app/Chumigos";
			};
			name = Release;
		};
		26C186F024BE4AA70094AEC1 /* Debug */ = {
			isa = XCBuildConfiguration;
			buildSettings = {
				ALWAYS_EMBED_SWIFT_STANDARD_LIBRARIES = YES;
				CODE_SIGN_STYLE = Automatic;
				DEVELOPMENT_TEAM = L3PV92TM5K;
				INFOPLIST_FILE = ChumigosUITests/Info.plist;
				LD_RUNPATH_SEARCH_PATHS = (
					"$(inherited)",
					"@executable_path/Frameworks",
					"@loader_path/Frameworks",
				);
				PRODUCT_BUNDLE_IDENTIFIER = com.annderson.ChumigosUITests;
				PRODUCT_NAME = "$(TARGET_NAME)";
				SWIFT_VERSION = 5.0;
				TARGETED_DEVICE_FAMILY = "1,2";
				TEST_TARGET_NAME = Chumigos;
			};
			name = Debug;
		};
		26C186F124BE4AA70094AEC1 /* Release */ = {
			isa = XCBuildConfiguration;
			buildSettings = {
				ALWAYS_EMBED_SWIFT_STANDARD_LIBRARIES = YES;
				CODE_SIGN_STYLE = Automatic;
				DEVELOPMENT_TEAM = L3PV92TM5K;
				INFOPLIST_FILE = ChumigosUITests/Info.plist;
				LD_RUNPATH_SEARCH_PATHS = (
					"$(inherited)",
					"@executable_path/Frameworks",
					"@loader_path/Frameworks",
				);
				PRODUCT_BUNDLE_IDENTIFIER = com.annderson.ChumigosUITests;
				PRODUCT_NAME = "$(TARGET_NAME)";
				SWIFT_VERSION = 5.0;
				TARGETED_DEVICE_FAMILY = "1,2";
				TEST_TARGET_NAME = Chumigos;
			};
			name = Release;
		};
/* End XCBuildConfiguration section */

/* Begin XCConfigurationList section */
		26C186B724BE4AA50094AEC1 /* Build configuration list for PBXProject "Chumigos" */ = {
			isa = XCConfigurationList;
			buildConfigurations = (
				26C186E724BE4AA70094AEC1 /* Debug */,
				26C186E824BE4AA70094AEC1 /* Release */,
			);
			defaultConfigurationIsVisible = 0;
			defaultConfigurationName = Release;
		};
		26C186E924BE4AA70094AEC1 /* Build configuration list for PBXNativeTarget "Chumigos" */ = {
			isa = XCConfigurationList;
			buildConfigurations = (
				26C186EA24BE4AA70094AEC1 /* Debug */,
				26C186EB24BE4AA70094AEC1 /* Release */,
			);
			defaultConfigurationIsVisible = 0;
			defaultConfigurationName = Release;
		};
		26C186EC24BE4AA70094AEC1 /* Build configuration list for PBXNativeTarget "ChumigosTests" */ = {
			isa = XCConfigurationList;
			buildConfigurations = (
				26C186ED24BE4AA70094AEC1 /* Debug */,
				26C186EE24BE4AA70094AEC1 /* Release */,
			);
			defaultConfigurationIsVisible = 0;
			defaultConfigurationName = Release;
		};
		26C186EF24BE4AA70094AEC1 /* Build configuration list for PBXNativeTarget "ChumigosUITests" */ = {
			isa = XCConfigurationList;
			buildConfigurations = (
				26C186F024BE4AA70094AEC1 /* Debug */,
				26C186F124BE4AA70094AEC1 /* Release */,
			);
			defaultConfigurationIsVisible = 0;
			defaultConfigurationName = Release;
		};
/* End XCConfigurationList section */

/* Begin XCVersionGroup section */
		26C186C324BE4AA50094AEC1 /* Chumigos.xcdatamodeld */ = {
			isa = XCVersionGroup;
			children = (
				26C186C424BE4AA50094AEC1 /* Chumigos.xcdatamodel */,
			);
			currentVersion = 26C186C424BE4AA50094AEC1 /* Chumigos.xcdatamodel */;
			path = Chumigos.xcdatamodeld;
			sourceTree = "<group>";
			versionGroupType = wrapper.xcdatamodel;
		};
/* End XCVersionGroup section */
	};
	rootObject = 26C186B424BE4AA50094AEC1 /* Project object */;
}
