// !$*UTF8*$!
{
	archiveVersion = 1;
	classes = {
	};
	objectVersion = 50;
	objects = {

/* Begin PBXBuildFile section */
		26C186C024BE4AA50094AEC1 /* AppDelegate.swift in Sources */ = {isa = PBXBuildFile; fileRef = 26C186BF24BE4AA50094AEC1 /* AppDelegate.swift */; };
		26C186C224BE4AA50094AEC1 /* SceneDelegate.swift in Sources */ = {isa = PBXBuildFile; fileRef = 26C186C124BE4AA50094AEC1 /* SceneDelegate.swift */; };
		26C186C524BE4AA50094AEC1 /* Chumigos.xcdatamodeld in Sources */ = {isa = PBXBuildFile; fileRef = 26C186C324BE4AA50094AEC1 /* Chumigos.xcdatamodeld */; };
		26C186C724BE4AA50094AEC1 /* ContentView.swift in Sources */ = {isa = PBXBuildFile; fileRef = 26C186C624BE4AA50094AEC1 /* ContentView.swift */; };
		26C186C924BE4AA70094AEC1 /* Assets.xcassets in Resources */ = {isa = PBXBuildFile; fileRef = 26C186C824BE4AA70094AEC1 /* Assets.xcassets */; };
		26C186CC24BE4AA70094AEC1 /* Preview Assets.xcassets in Resources */ = {isa = PBXBuildFile; fileRef = 26C186CB24BE4AA70094AEC1 /* Preview Assets.xcassets */; };
		26C186CF24BE4AA70094AEC1 /* LaunchScreen.storyboard in Resources */ = {isa = PBXBuildFile; fileRef = 26C186CD24BE4AA70094AEC1 /* LaunchScreen.storyboard */; };
		26C186DA24BE4AA70094AEC1 /* ChumigosTests.swift in Sources */ = {isa = PBXBuildFile; fileRef = 26C186D924BE4AA70094AEC1 /* ChumigosTests.swift */; };
		26C186E524BE4AA70094AEC1 /* ChumigosUITests.swift in Sources */ = {isa = PBXBuildFile; fileRef = 26C186E424BE4AA70094AEC1 /* ChumigosUITests.swift */; };
		AA631AC624C0D6B100310AD4 /* Functions.swift in Sources */ = {isa = PBXBuildFile; fileRef = AA631AC524C0D6B100310AD4 /* Functions.swift */; };
		ABCDB24324BF88EE00F9A9B8 /* CloudKit.framework in Frameworks */ = {isa = PBXBuildFile; fileRef = ABCDB24224BF88EE00F9A9B8 /* CloudKit.framework */; };
		E74D7F8A24BF7352000BF076 /* HomeScreenViewModel.swift in Sources */ = {isa = PBXBuildFile; fileRef = E74D7F8924BF7352000BF076 /* HomeScreenViewModel.swift */; };
		E78DA52D24BF7C17001A3079 /* Localizable.strings in Resources */ = {isa = PBXBuildFile; fileRef = E78DA52F24BF7C17001A3079 /* Localizable.strings */; };
/* End PBXBuildFile section */

/* Begin PBXContainerItemProxy section */
		26C186D624BE4AA70094AEC1 /* PBXContainerItemProxy */ = {
			isa = PBXContainerItemProxy;
			containerPortal = 26C186B424BE4AA50094AEC1 /* Project object */;
			proxyType = 1;
			remoteGlobalIDString = 26C186BB24BE4AA50094AEC1;
			remoteInfo = Chumigos;
		};
		26C186E124BE4AA70094AEC1 /* PBXContainerItemProxy */ = {
			isa = PBXContainerItemProxy;
			containerPortal = 26C186B424BE4AA50094AEC1 /* Project object */;
			proxyType = 1;
			remoteGlobalIDString = 26C186BB24BE4AA50094AEC1;
			remoteInfo = Chumigos;
		};
/* End PBXContainerItemProxy section */

/* Begin PBXFileReference section */
		26C186BC24BE4AA50094AEC1 /* Chumigos.app */ = {isa = PBXFileReference; explicitFileType = wrapper.application; includeInIndex = 0; path = Chumigos.app; sourceTree = BUILT_PRODUCTS_DIR; };
		26C186BF24BE4AA50094AEC1 /* AppDelegate.swift */ = {isa = PBXFileReference; lastKnownFileType = sourcecode.swift; path = AppDelegate.swift; sourceTree = "<group>"; };
		26C186C124BE4AA50094AEC1 /* SceneDelegate.swift */ = {isa = PBXFileReference; lastKnownFileType = sourcecode.swift; path = SceneDelegate.swift; sourceTree = "<group>"; };
		26C186C424BE4AA50094AEC1 /* Chumigos.xcdatamodel */ = {isa = PBXFileReference; lastKnownFileType = wrapper.xcdatamodel; path = Chumigos.xcdatamodel; sourceTree = "<group>"; };
		26C186C624BE4AA50094AEC1 /* ContentView.swift */ = {isa = PBXFileReference; lastKnownFileType = sourcecode.swift; path = ContentView.swift; sourceTree = "<group>"; };
		26C186C824BE4AA70094AEC1 /* Assets.xcassets */ = {isa = PBXFileReference; lastKnownFileType = folder.assetcatalog; path = Assets.xcassets; sourceTree = "<group>"; };
		26C186CB24BE4AA70094AEC1 /* Preview Assets.xcassets */ = {isa = PBXFileReference; lastKnownFileType = folder.assetcatalog; path = "Preview Assets.xcassets"; sourceTree = "<group>"; };
		26C186CE24BE4AA70094AEC1 /* Base */ = {isa = PBXFileReference; lastKnownFileType = file.storyboard; name = Base; path = Base.lproj/LaunchScreen.storyboard; sourceTree = "<group>"; };
		26C186D024BE4AA70094AEC1 /* Info.plist */ = {isa = PBXFileReference; lastKnownFileType = text.plist.xml; path = Info.plist; sourceTree = "<group>"; };
		26C186D524BE4AA70094AEC1 /* ChumigosTests.xctest */ = {isa = PBXFileReference; explicitFileType = wrapper.cfbundle; includeInIndex = 0; path = ChumigosTests.xctest; sourceTree = BUILT_PRODUCTS_DIR; };
		26C186D924BE4AA70094AEC1 /* ChumigosTests.swift */ = {isa = PBXFileReference; lastKnownFileType = sourcecode.swift; path = ChumigosTests.swift; sourceTree = "<group>"; };
		26C186DB24BE4AA70094AEC1 /* Info.plist */ = {isa = PBXFileReference; lastKnownFileType = text.plist.xml; path = Info.plist; sourceTree = "<group>"; };
		26C186E024BE4AA70094AEC1 /* ChumigosUITests.xctest */ = {isa = PBXFileReference; explicitFileType = wrapper.cfbundle; includeInIndex = 0; path = ChumigosUITests.xctest; sourceTree = BUILT_PRODUCTS_DIR; };
		26C186E424BE4AA70094AEC1 /* ChumigosUITests.swift */ = {isa = PBXFileReference; lastKnownFileType = sourcecode.swift; path = ChumigosUITests.swift; sourceTree = "<group>"; };
		26C186E624BE4AA70094AEC1 /* Info.plist */ = {isa = PBXFileReference; lastKnownFileType = text.plist.xml; path = Info.plist; sourceTree = "<group>"; };
		AA631AC524C0D6B100310AD4 /* Functions.swift */ = {isa = PBXFileReference; lastKnownFileType = sourcecode.swift; path = Functions.swift; sourceTree = "<group>"; };
		ABCDB24024BF88EA00F9A9B8 /* Chumigos.entitlements */ = {isa = PBXFileReference; lastKnownFileType = text.plist.entitlements; path = Chumigos.entitlements; sourceTree = "<group>"; };
		ABCDB24224BF88EE00F9A9B8 /* CloudKit.framework */ = {isa = PBXFileReference; lastKnownFileType = wrapper.framework; name = CloudKit.framework; path = System/Library/Frameworks/CloudKit.framework; sourceTree = SDKROOT; };
		E74D7F8924BF7352000BF076 /* HomeScreenViewModel.swift */ = {isa = PBXFileReference; lastKnownFileType = sourcecode.swift; path = HomeScreenViewModel.swift; sourceTree = "<group>"; };
		E78DA52E24BF7C17001A3079 /* en */ = {isa = PBXFileReference; lastKnownFileType = text.plist.strings; name = en; path = en.lproj/Localizable.strings; sourceTree = "<group>"; };
		E78DA53024BF7EA1001A3079 /* fr */ = {isa = PBXFileReference; lastKnownFileType = text.plist.strings; name = fr; path = fr.lproj/LaunchScreen.strings; sourceTree = "<group>"; };
		E78DA53124BF7EA1001A3079 /* fr */ = {isa = PBXFileReference; lastKnownFileType = text.plist.strings; name = fr; path = fr.lproj/Localizable.strings; sourceTree = "<group>"; };
/* End PBXFileReference section */

/* Begin PBXFrameworksBuildPhase section */
		26C186B924BE4AA50094AEC1 /* Frameworks */ = {
			isa = PBXFrameworksBuildPhase;
			buildActionMask = 2147483647;
			files = (
				ABCDB24324BF88EE00F9A9B8 /* CloudKit.framework in Frameworks */,
			);
			runOnlyForDeploymentPostprocessing = 0;
		};
		26C186D224BE4AA70094AEC1 /* Frameworks */ = {
			isa = PBXFrameworksBuildPhase;
			buildActionMask = 2147483647;
			files = (
			);
			runOnlyForDeploymentPostprocessing = 0;
		};
		26C186DD24BE4AA70094AEC1 /* Frameworks */ = {
			isa = PBXFrameworksBuildPhase;
			buildActionMask = 2147483647;
			files = (
			);
			runOnlyForDeploymentPostprocessing = 0;
		};
/* End PBXFrameworksBuildPhase section */

/* Begin PBXGroup section */
		26C186B324BE4AA50094AEC1 = {
			isa = PBXGroup;
			children = (
				26C186BE24BE4AA50094AEC1 /* Chumigos */,
				26C186D824BE4AA70094AEC1 /* ChumigosTests */,
				26C186E324BE4AA70094AEC1 /* ChumigosUITests */,
				26C186BD24BE4AA50094AEC1 /* Products */,
				ABCDB24124BF88EE00F9A9B8 /* Frameworks */,
			);
			sourceTree = "<group>";
		};
		26C186BD24BE4AA50094AEC1 /* Products */ = {
			isa = PBXGroup;
			children = (
				26C186BC24BE4AA50094AEC1 /* Chumigos.app */,
				26C186D524BE4AA70094AEC1 /* ChumigosTests.xctest */,
				26C186E024BE4AA70094AEC1 /* ChumigosUITests.xctest */,
			);
			name = Products;
			sourceTree = "<group>";
		};
		26C186BE24BE4AA50094AEC1 /* Chumigos */ = {
			isa = PBXGroup;
			children = (
				AA631AC424C0D68D00310AD4 /* Sequence Game */,
				E78DA52A24BF7B42001A3079 /* Localized Strings */,
				E74D7F8824BF7318000BF076 /* Support */,
				E74D7F8424BF70F1000BF076 /* Model */,
				E74D7F8724BF72BA000BF076 /* Home Screen */,
				26C186C824BE4AA70094AEC1 /* Assets.xcassets */,
				ABCDB24024BF88EA00F9A9B8 /* Chumigos.entitlements */,
				26C186CA24BE4AA70094AEC1 /* Preview Content */,
			);
			path = Chumigos;
			sourceTree = "<group>";
		};
		26C186CA24BE4AA70094AEC1 /* Preview Content */ = {
			isa = PBXGroup;
			children = (
				26C186CB24BE4AA70094AEC1 /* Preview Assets.xcassets */,
			);
			path = "Preview Content";
			sourceTree = "<group>";
		};
		26C186D824BE4AA70094AEC1 /* ChumigosTests */ = {
			isa = PBXGroup;
			children = (
				26C186D924BE4AA70094AEC1 /* ChumigosTests.swift */,
				26C186DB24BE4AA70094AEC1 /* Info.plist */,
			);
			path = ChumigosTests;
			sourceTree = "<group>";
		};
		26C186E324BE4AA70094AEC1 /* ChumigosUITests */ = {
			isa = PBXGroup;
			children = (
				26C186E424BE4AA70094AEC1 /* ChumigosUITests.swift */,
				26C186E624BE4AA70094AEC1 /* Info.plist */,
			);
			path = ChumigosUITests;
			sourceTree = "<group>";
		};
		AA631AC424C0D68D00310AD4 /* Sequence Game */ = {
			isa = PBXGroup;
			children = (
				AA631AC524C0D6B100310AD4 /* Functions.swift */,
			);
			path = "Sequence Game";
			sourceTree = "<group>";
		};
		ABCDB24124BF88EE00F9A9B8 /* Frameworks */ = {
			isa = PBXGroup;
			children = (
				ABCDB24224BF88EE00F9A9B8 /* CloudKit.framework */,
			);
			name = Frameworks;
			sourceTree = "<group>";
		};
		E74D7F8424BF70F1000BF076 /* Model */ = {
			isa = PBXGroup;
			children = (
			);
			path = Model;
			sourceTree = "<group>";
		};
		E74D7F8524BF70F7000BF076 /* View Model */ = {
			isa = PBXGroup;
			children = (
				E74D7F8924BF7352000BF076 /* HomeScreenViewModel.swift */,
			);
			path = "View Model";
			sourceTree = "<group>";
		};
		E74D7F8624BF7104000BF076 /* View */ = {
			isa = PBXGroup;
			children = (
				26C186C624BE4AA50094AEC1 /* ContentView.swift */,
			);
			path = View;
			sourceTree = "<group>";
		};
		E74D7F8724BF72BA000BF076 /* Home Screen */ = {
			isa = PBXGroup;
			children = (
				E74D7F8524BF70F7000BF076 /* View Model */,
				E74D7F8624BF7104000BF076 /* View */,
			);
			path = "Home Screen";
			sourceTree = "<group>";
		};
		E74D7F8824BF7318000BF076 /* Support */ = {
			isa = PBXGroup;
			children = (
				26C186D024BE4AA70094AEC1 /* Info.plist */,
				26C186CD24BE4AA70094AEC1 /* LaunchScreen.storyboard */,
				26C186C124BE4AA50094AEC1 /* SceneDelegate.swift */,
				26C186BF24BE4AA50094AEC1 /* AppDelegate.swift */,
				26C186C324BE4AA50094AEC1 /* Chumigos.xcdatamodeld */,
			);
			path = Support;
			sourceTree = "<group>";
		};
		E78DA52A24BF7B42001A3079 /* Localized Strings */ = {
			isa = PBXGroup;
			children = (
				E78DA52F24BF7C17001A3079 /* Localizable.strings */,
			);
			path = "Localized Strings";
			sourceTree = "<group>";
		};
/* End PBXGroup section */

/* Begin PBXNativeTarget section */
		26C186BB24BE4AA50094AEC1 /* Chumigos */ = {
			isa = PBXNativeTarget;
			buildConfigurationList = 26C186E924BE4AA70094AEC1 /* Build configuration list for PBXNativeTarget "Chumigos" */;
			buildPhases = (
				26C186B824BE4AA50094AEC1 /* Sources */,
				26C186B924BE4AA50094AEC1 /* Frameworks */,
				26C186BA24BE4AA50094AEC1 /* Resources */,
			);
			buildRules = (
			);
			dependencies = (
			);
			name = Chumigos;
			productName = Chumigos;
			productReference = 26C186BC24BE4AA50094AEC1 /* Chumigos.app */;
			productType = "com.apple.product-type.application";
		};
		26C186D424BE4AA70094AEC1 /* ChumigosTests */ = {
			isa = PBXNativeTarget;
			buildConfigurationList = 26C186EC24BE4AA70094AEC1 /* Build configuration list for PBXNativeTarget "ChumigosTests" */;
			buildPhases = (
				26C186D124BE4AA70094AEC1 /* Sources */,
				26C186D224BE4AA70094AEC1 /* Frameworks */,
				26C186D324BE4AA70094AEC1 /* Resources */,
			);
			buildRules = (
			);
			dependencies = (
				26C186D724BE4AA70094AEC1 /* PBXTargetDependency */,
			);
			name = ChumigosTests;
			productName = ChumigosTests;
			productReference = 26C186D524BE4AA70094AEC1 /* ChumigosTests.xctest */;
			productType = "com.apple.product-type.bundle.unit-test";
		};
		26C186DF24BE4AA70094AEC1 /* ChumigosUITests */ = {
			isa = PBXNativeTarget;
			buildConfigurationList = 26C186EF24BE4AA70094AEC1 /* Build configuration list for PBXNativeTarget "ChumigosUITests" */;
			buildPhases = (
				26C186DC24BE4AA70094AEC1 /* Sources */,
				26C186DD24BE4AA70094AEC1 /* Frameworks */,
				26C186DE24BE4AA70094AEC1 /* Resources */,
			);
			buildRules = (
			);
			dependencies = (
				26C186E224BE4AA70094AEC1 /* PBXTargetDependency */,
			);
			name = ChumigosUITests;
			productName = ChumigosUITests;
			productReference = 26C186E024BE4AA70094AEC1 /* ChumigosUITests.xctest */;
			productType = "com.apple.product-type.bundle.ui-testing";
		};
/* End PBXNativeTarget section */

/* Begin PBXProject section */
		26C186B424BE4AA50094AEC1 /* Project object */ = {
			isa = PBXProject;
			attributes = {
				LastSwiftUpdateCheck = 1130;
				LastUpgradeCheck = 1130;
				ORGANIZATIONNAME = "Annderson Packeiser Oreto";
				TargetAttributes = {
					26C186BB24BE4AA50094AEC1 = {
						CreatedOnToolsVersion = 11.3.1;
					};
					26C186D424BE4AA70094AEC1 = {
						CreatedOnToolsVersion = 11.3.1;
						TestTargetID = 26C186BB24BE4AA50094AEC1;
					};
					26C186DF24BE4AA70094AEC1 = {
						CreatedOnToolsVersion = 11.3.1;
						TestTargetID = 26C186BB24BE4AA50094AEC1;
					};
				};
			};
			buildConfigurationList = 26C186B724BE4AA50094AEC1 /* Build configuration list for PBXProject "Chumigos" */;
			compatibilityVersion = "Xcode 9.3";
			developmentRegion = en;
			hasScannedForEncodings = 0;
			knownRegions = (
				en,
				Base,
				fr,
			);
			mainGroup = 26C186B324BE4AA50094AEC1;
			productRefGroup = 26C186BD24BE4AA50094AEC1 /* Products */;
			projectDirPath = "";
			projectRoot = "";
			targets = (
				26C186BB24BE4AA50094AEC1 /* Chumigos */,
				26C186D424BE4AA70094AEC1 /* ChumigosTests */,
				26C186DF24BE4AA70094AEC1 /* ChumigosUITests */,
			);
		};
/* End PBXProject section */

/* Begin PBXResourcesBuildPhase section */
		26C186BA24BE4AA50094AEC1 /* Resources */ = {
			isa = PBXResourcesBuildPhase;
			buildActionMask = 2147483647;
			files = (
				26C186CF24BE4AA70094AEC1 /* LaunchScreen.storyboard in Resources */,
				E78DA52D24BF7C17001A3079 /* Localizable.strings in Resources */,
				26C186CC24BE4AA70094AEC1 /* Preview Assets.xcassets in Resources */,
				26C186C924BE4AA70094AEC1 /* Assets.xcassets in Resources */,
			);
			runOnlyForDeploymentPostprocessing = 0;
		};
		26C186D324BE4AA70094AEC1 /* Resources */ = {
			isa = PBXResourcesBuildPhase;
			buildActionMask = 2147483647;
			files = (
			);
			runOnlyForDeploymentPostprocessing = 0;
		};
		26C186DE24BE4AA70094AEC1 /* Resources */ = {
			isa = PBXResourcesBuildPhase;
			buildActionMask = 2147483647;
			files = (
			);
			runOnlyForDeploymentPostprocessing = 0;
		};
/* End PBXResourcesBuildPhase section */

/* Begin PBXSourcesBuildPhase section */
		26C186B824BE4AA50094AEC1 /* Sources */ = {
			isa = PBXSourcesBuildPhase;
			buildActionMask = 2147483647;
			files = (
				26C186C024BE4AA50094AEC1 /* AppDelegate.swift in Sources */,
				26C186C224BE4AA50094AEC1 /* SceneDelegate.swift in Sources */,
				26C186C724BE4AA50094AEC1 /* ContentView.swift in Sources */,
				26C186C524BE4AA50094AEC1 /* Chumigos.xcdatamodeld in Sources */,
				E74D7F8A24BF7352000BF076 /* HomeScreenViewModel.swift in Sources */,
				AA631AC624C0D6B100310AD4 /* Functions.swift in Sources */,
			);
			runOnlyForDeploymentPostprocessing = 0;
		};
		26C186D124BE4AA70094AEC1 /* Sources */ = {
			isa = PBXSourcesBuildPhase;
			buildActionMask = 2147483647;
			files = (
				26C186DA24BE4AA70094AEC1 /* ChumigosTests.swift in Sources */,
			);
			runOnlyForDeploymentPostprocessing = 0;
		};
		26C186DC24BE4AA70094AEC1 /* Sources */ = {
			isa = PBXSourcesBuildPhase;
			buildActionMask = 2147483647;
			files = (
				26C186E524BE4AA70094AEC1 /* ChumigosUITests.swift in Sources */,
			);
			runOnlyForDeploymentPostprocessing = 0;
		};
/* End PBXSourcesBuildPhase section */

/* Begin PBXTargetDependency section */
		26C186D724BE4AA70094AEC1 /* PBXTargetDependency */ = {
			isa = PBXTargetDependency;
			target = 26C186BB24BE4AA50094AEC1 /* Chumigos */;
			targetProxy = 26C186D624BE4AA70094AEC1 /* PBXContainerItemProxy */;
		};
		26C186E224BE4AA70094AEC1 /* PBXTargetDependency */ = {
			isa = PBXTargetDependency;
			target = 26C186BB24BE4AA50094AEC1 /* Chumigos */;
			targetProxy = 26C186E124BE4AA70094AEC1 /* PBXContainerItemProxy */;
		};
/* End PBXTargetDependency section */

/* Begin PBXVariantGroup section */
		26C186CD24BE4AA70094AEC1 /* LaunchScreen.storyboard */ = {
			isa = PBXVariantGroup;
			children = (
				26C186CE24BE4AA70094AEC1 /* Base */,
				E78DA53024BF7EA1001A3079 /* fr */,
			);
			name = LaunchScreen.storyboard;
			sourceTree = "<group>";
		};
		E78DA52F24BF7C17001A3079 /* Localizable.strings */ = {
			isa = PBXVariantGroup;
			children = (
				E78DA52E24BF7C17001A3079 /* en */,
				E78DA53124BF7EA1001A3079 /* fr */,
			);
			name = Localizable.strings;
			sourceTree = "<group>";
		};
/* End PBXVariantGroup section */

/* Begin XCBuildConfiguration section */
		26C186E724BE4AA70094AEC1 /* Debug */ = {
			isa = XCBuildConfiguration;
			buildSettings = {
				ALWAYS_SEARCH_USER_PATHS = NO;
				CLANG_ANALYZER_LOCALIZABILITY_NONLOCALIZED = YES;
				CLANG_ANALYZER_NONNULL = YES;
				CLANG_ANALYZER_NUMBER_OBJECT_CONVERSION = YES_AGGRESSIVE;
				CLANG_CXX_LANGUAGE_STANDARD = "gnu++14";
				CLANG_CXX_LIBRARY = "libc++";
				CLANG_ENABLE_MODULES = YES;
				CLANG_ENABLE_OBJC_ARC = YES;
				CLANG_ENABLE_OBJC_WEAK = YES;
				CLANG_WARN_BLOCK_CAPTURE_AUTORELEASING = YES;
				CLANG_WARN_BOOL_CONVERSION = YES;
				CLANG_WARN_COMMA = YES;
				CLANG_WARN_CONSTANT_CONVERSION = YES;
				CLANG_WARN_DEPRECATED_OBJC_IMPLEMENTATIONS = YES;
				CLANG_WARN_DIRECT_OBJC_ISA_USAGE = YES_ERROR;
				CLANG_WARN_DOCUMENTATION_COMMENTS = YES;
				CLANG_WARN_EMPTY_BODY = YES;
				CLANG_WARN_ENUM_CONVERSION = YES;
				CLANG_WARN_INFINITE_RECURSION = YES;
				CLANG_WARN_INT_CONVERSION = YES;
				CLANG_WARN_NON_LITERAL_NULL_CONVERSION = YES;
				CLANG_WARN_OBJC_IMPLICIT_RETAIN_SELF = YES;
				CLANG_WARN_OBJC_LITERAL_CONVERSION = YES;
				CLANG_WARN_OBJC_ROOT_CLASS = YES_ERROR;
				CLANG_WARN_RANGE_LOOP_ANALYSIS = YES;
				CLANG_WARN_STRICT_PROTOTYPES = YES;
				CLANG_WARN_SUSPICIOUS_MOVE = YES;
				CLANG_WARN_UNGUARDED_AVAILABILITY = YES_AGGRESSIVE;
				CLANG_WARN_UNREACHABLE_CODE = YES;
				CLANG_WARN__DUPLICATE_METHOD_MATCH = YES;
				COPY_PHASE_STRIP = NO;
				DEBUG_INFORMATION_FORMAT = dwarf;
				ENABLE_STRICT_OBJC_MSGSEND = YES;
				ENABLE_TESTABILITY = YES;
				GCC_C_LANGUAGE_STANDARD = gnu11;
				GCC_DYNAMIC_NO_PIC = NO;
				GCC_NO_COMMON_BLOCKS = YES;
				GCC_OPTIMIZATION_LEVEL = 0;
				GCC_PREPROCESSOR_DEFINITIONS = (
					"DEBUG=1",
					"$(inherited)",
				);
				GCC_WARN_64_TO_32_BIT_CONVERSION = YES;
				GCC_WARN_ABOUT_RETURN_TYPE = YES_ERROR;
				GCC_WARN_UNDECLARED_SELECTOR = YES;
				GCC_WARN_UNINITIALIZED_AUTOS = YES_AGGRESSIVE;
				GCC_WARN_UNUSED_FUNCTION = YES;
				GCC_WARN_UNUSED_VARIABLE = YES;
				IPHONEOS_DEPLOYMENT_TARGET = 13.2;
				MTL_ENABLE_DEBUG_INFO = INCLUDE_SOURCE;
				MTL_FAST_MATH = YES;
				ONLY_ACTIVE_ARCH = YES;
				SDKROOT = iphoneos;
				SWIFT_ACTIVE_COMPILATION_CONDITIONS = DEBUG;
				SWIFT_OPTIMIZATION_LEVEL = "-Onone";
			};
			name = Debug;
		};
		26C186E824BE4AA70094AEC1 /* Release */ = {
			isa = XCBuildConfiguration;
			buildSettings = {
				ALWAYS_SEARCH_USER_PATHS = NO;
				CLANG_ANALYZER_LOCALIZABILITY_NONLOCALIZED = YES;
				CLANG_ANALYZER_NONNULL = YES;
				CLANG_ANALYZER_NUMBER_OBJECT_CONVERSION = YES_AGGRESSIVE;
				CLANG_CXX_LANGUAGE_STANDARD = "gnu++14";
				CLANG_CXX_LIBRARY = "libc++";
				CLANG_ENABLE_MODULES = YES;
				CLANG_ENABLE_OBJC_ARC = YES;
				CLANG_ENABLE_OBJC_WEAK = YES;
				CLANG_WARN_BLOCK_CAPTURE_AUTORELEASING = YES;
				CLANG_WARN_BOOL_CONVERSION = YES;
				CLANG_WARN_COMMA = YES;
				CLANG_WARN_CONSTANT_CONVERSION = YES;
				CLANG_WARN_DEPRECATED_OBJC_IMPLEMENTATIONS = YES;
				CLANG_WARN_DIRECT_OBJC_ISA_USAGE = YES_ERROR;
				CLANG_WARN_DOCUMENTATION_COMMENTS = YES;
				CLANG_WARN_EMPTY_BODY = YES;
				CLANG_WARN_ENUM_CONVERSION = YES;
				CLANG_WARN_INFINITE_RECURSION = YES;
				CLANG_WARN_INT_CONVERSION = YES;
				CLANG_WARN_NON_LITERAL_NULL_CONVERSION = YES;
				CLANG_WARN_OBJC_IMPLICIT_RETAIN_SELF = YES;
				CLANG_WARN_OBJC_LITERAL_CONVERSION = YES;
				CLANG_WARN_OBJC_ROOT_CLASS = YES_ERROR;
				CLANG_WARN_RANGE_LOOP_ANALYSIS = YES;
				CLANG_WARN_STRICT_PROTOTYPES = YES;
				CLANG_WARN_SUSPICIOUS_MOVE = YES;
				CLANG_WARN_UNGUARDED_AVAILABILITY = YES_AGGRESSIVE;
				CLANG_WARN_UNREACHABLE_CODE = YES;
				CLANG_WARN__DUPLICATE_METHOD_MATCH = YES;
				COPY_PHASE_STRIP = NO;
				DEBUG_INFORMATION_FORMAT = "dwarf-with-dsym";
				ENABLE_NS_ASSERTIONS = NO;
				ENABLE_STRICT_OBJC_MSGSEND = YES;
				GCC_C_LANGUAGE_STANDARD = gnu11;
				GCC_NO_COMMON_BLOCKS = YES;
				GCC_WARN_64_TO_32_BIT_CONVERSION = YES;
				GCC_WARN_ABOUT_RETURN_TYPE = YES_ERROR;
				GCC_WARN_UNDECLARED_SELECTOR = YES;
				GCC_WARN_UNINITIALIZED_AUTOS = YES_AGGRESSIVE;
				GCC_WARN_UNUSED_FUNCTION = YES;
				GCC_WARN_UNUSED_VARIABLE = YES;
				IPHONEOS_DEPLOYMENT_TARGET = 13.2;
				MTL_ENABLE_DEBUG_INFO = NO;
				MTL_FAST_MATH = YES;
				SDKROOT = iphoneos;
				SWIFT_COMPILATION_MODE = wholemodule;
				SWIFT_OPTIMIZATION_LEVEL = "-O";
				VALIDATE_PRODUCT = YES;
			};
			name = Release;
		};
		26C186EA24BE4AA70094AEC1 /* Debug */ = {
			isa = XCBuildConfiguration;
			buildSettings = {
				ASSETCATALOG_COMPILER_APPICON_NAME = AppIcon;
				CODE_SIGN_ENTITLEMENTS = Chumigos/Chumigos.entitlements;
				CODE_SIGN_STYLE = Automatic;
				DEVELOPMENT_ASSET_PATHS = "\"Chumigos/Preview Content\"";
				DEVELOPMENT_TEAM = LZ4KUFVTZH;
				ENABLE_PREVIEWS = YES;
				INFOPLIST_FILE = "$(SRCROOT)/Chumigos/Support/Info.plist";
				LD_RUNPATH_SEARCH_PATHS = (
					"$(inherited)",
					"@executable_path/Frameworks",
				);
				PRODUCT_BUNDLE_IDENTIFIER = com.mc.Chumigos;
				PRODUCT_NAME = "$(TARGET_NAME)";
				SWIFT_VERSION = 5.0;
				TARGETED_DEVICE_FAMILY = "1,2";
			};
			name = Debug;
		};
		26C186EB24BE4AA70094AEC1 /* Release */ = {
			isa = XCBuildConfiguration;
			buildSettings = {
				ASSETCATALOG_COMPILER_APPICON_NAME = AppIcon;
				CODE_SIGN_ENTITLEMENTS = Chumigos/Chumigos.entitlements;
				CODE_SIGN_STYLE = Automatic;
				DEVELOPMENT_ASSET_PATHS = "\"Chumigos/Preview Content\"";
				DEVELOPMENT_TEAM = LZ4KUFVTZH;
				ENABLE_PREVIEWS = YES;
				INFOPLIST_FILE = "$(SRCROOT)/Chumigos/Support/Info.plist";
				LD_RUNPATH_SEARCH_PATHS = (
					"$(inherited)",
					"@executable_path/Frameworks",
				);
				PRODUCT_BUNDLE_IDENTIFIER = com.mc.Chumigos;
				PRODUCT_NAME = "$(TARGET_NAME)";
				SWIFT_VERSION = 5.0;
				TARGETED_DEVICE_FAMILY = "1,2";
			};
			name = Release;
		};
		26C186ED24BE4AA70094AEC1 /* Debug */ = {
			isa = XCBuildConfiguration;
			buildSettings = {
				ALWAYS_EMBED_SWIFT_STANDARD_LIBRARIES = YES;
				BUNDLE_LOADER = "$(TEST_HOST)";
				CODE_SIGN_STYLE = Automatic;
				DEVELOPMENT_TEAM = L3PV92TM5K;
				INFOPLIST_FILE = ChumigosTests/Info.plist;
				IPHONEOS_DEPLOYMENT_TARGET = 13.2;
				LD_RUNPATH_SEARCH_PATHS = (
					"$(inherited)",
					"@executable_path/Frameworks",
					"@loader_path/Frameworks",
				);
				PRODUCT_BUNDLE_IDENTIFIER = com.annderson.ChumigosTests;
				PRODUCT_NAME = "$(TARGET_NAME)";
				SWIFT_VERSION = 5.0;
				TARGETED_DEVICE_FAMILY = "1,2";
				TEST_HOST = "$(BUILT_PRODUCTS_DIR)/Chumigos.app/Chumigos";
			};
			name = Debug;
		};
		26C186EE24BE4AA70094AEC1 /* Release */ = {
			isa = XCBuildConfiguration;
			buildSettings = {
				ALWAYS_EMBED_SWIFT_STANDARD_LIBRARIES = YES;
				BUNDLE_LOADER = "$(TEST_HOST)";
				CODE_SIGN_STYLE = Automatic;
				DEVELOPMENT_TEAM = L3PV92TM5K;
				INFOPLIST_FILE = ChumigosTests/Info.plist;
				IPHONEOS_DEPLOYMENT_TARGET = 13.2;
				LD_RUNPATH_SEARCH_PATHS = (
					"$(inherited)",
					"@executable_path/Frameworks",
					"@loader_path/Frameworks",
				);
				PRODUCT_BUNDLE_IDENTIFIER = com.annderson.ChumigosTests;
				PRODUCT_NAME = "$(TARGET_NAME)";
				SWIFT_VERSION = 5.0;
				TARGETED_DEVICE_FAMILY = "1,2";
				TEST_HOST = "$(BUILT_PRODUCTS_DIR)/Chumigos.app/Chumigos";
			};
			name = Release;
		};
		26C186F024BE4AA70094AEC1 /* Debug */ = {
			isa = XCBuildConfiguration;
			buildSettings = {
				ALWAYS_EMBED_SWIFT_STANDARD_LIBRARIES = YES;
				CODE_SIGN_STYLE = Automatic;
				DEVELOPMENT_TEAM = L3PV92TM5K;
				INFOPLIST_FILE = ChumigosUITests/Info.plist;
				LD_RUNPATH_SEARCH_PATHS = (
					"$(inherited)",
					"@executable_path/Frameworks",
					"@loader_path/Frameworks",
				);
				PRODUCT_BUNDLE_IDENTIFIER = com.annderson.ChumigosUITests;
				PRODUCT_NAME = "$(TARGET_NAME)";
				SWIFT_VERSION = 5.0;
				TARGETED_DEVICE_FAMILY = "1,2";
				TEST_TARGET_NAME = Chumigos;
			};
			name = Debug;
		};
		26C186F124BE4AA70094AEC1 /* Release */ = {
			isa = XCBuildConfiguration;
			buildSettings = {
				ALWAYS_EMBED_SWIFT_STANDARD_LIBRARIES = YES;
				CODE_SIGN_STYLE = Automatic;
				DEVELOPMENT_TEAM = L3PV92TM5K;
				INFOPLIST_FILE = ChumigosUITests/Info.plist;
				LD_RUNPATH_SEARCH_PATHS = (
					"$(inherited)",
					"@executable_path/Frameworks",
					"@loader_path/Frameworks",
				);
				PRODUCT_BUNDLE_IDENTIFIER = com.annderson.ChumigosUITests;
				PRODUCT_NAME = "$(TARGET_NAME)";
				SWIFT_VERSION = 5.0;
				TARGETED_DEVICE_FAMILY = "1,2";
				TEST_TARGET_NAME = Chumigos;
			};
			name = Release;
		};
/* End XCBuildConfiguration section */

/* Begin XCConfigurationList section */
		26C186B724BE4AA50094AEC1 /* Build configuration list for PBXProject "Chumigos" */ = {
			isa = XCConfigurationList;
			buildConfigurations = (
				26C186E724BE4AA70094AEC1 /* Debug */,
				26C186E824BE4AA70094AEC1 /* Release */,
			);
			defaultConfigurationIsVisible = 0;
			defaultConfigurationName = Release;
		};
		26C186E924BE4AA70094AEC1 /* Build configuration list for PBXNativeTarget "Chumigos" */ = {
			isa = XCConfigurationList;
			buildConfigurations = (
				26C186EA24BE4AA70094AEC1 /* Debug */,
				26C186EB24BE4AA70094AEC1 /* Release */,
			);
			defaultConfigurationIsVisible = 0;
			defaultConfigurationName = Release;
		};
		26C186EC24BE4AA70094AEC1 /* Build configuration list for PBXNativeTarget "ChumigosTests" */ = {
			isa = XCConfigurationList;
			buildConfigurations = (
				26C186ED24BE4AA70094AEC1 /* Debug */,
				26C186EE24BE4AA70094AEC1 /* Release */,
			);
			defaultConfigurationIsVisible = 0;
			defaultConfigurationName = Release;
		};
		26C186EF24BE4AA70094AEC1 /* Build configuration list for PBXNativeTarget "ChumigosUITests" */ = {
			isa = XCConfigurationList;
			buildConfigurations = (
				26C186F024BE4AA70094AEC1 /* Debug */,
				26C186F124BE4AA70094AEC1 /* Release */,
			);
			defaultConfigurationIsVisible = 0;
			defaultConfigurationName = Release;
		};
/* End XCConfigurationList section */

/* Begin XCVersionGroup section */
		26C186C324BE4AA50094AEC1 /* Chumigos.xcdatamodeld */ = {
			isa = XCVersionGroup;
			children = (
				26C186C424BE4AA50094AEC1 /* Chumigos.xcdatamodel */,
			);
			currentVersion = 26C186C424BE4AA50094AEC1 /* Chumigos.xcdatamodel */;
			path = Chumigos.xcdatamodeld;
			sourceTree = "<group>";
			versionGroupType = wrapper.xcdatamodel;
		};
/* End XCVersionGroup section */
	};
	rootObject = 26C186B424BE4AA50094AEC1 /* Project object */;
}
